// !$*UTF8*$!
{
	archiveVersion = 1;
	classes = {
	};
	objectVersion = 77;
	objects = {

/* Begin PBXBuildFile section */
		C752BFDF244441BEB040F09227F66E4C /* PythonVenv in CopyFiles */ = {isa = PBXBuildFile; fileRef = 0236576BB8DF4ECFB6D4519D3DE91D56 /* PythonVenv */; };
		D4A0392C2E90D9F40049EE02 /* Python in CopyFiles */ = {isa = PBXBuildFile; fileRef = D4D887792E90D85E008F8118 /* Python */; };
		D4C0A0082E77AAAA00747100 /* ContextifyCore in Frameworks */ = {isa = PBXBuildFile; productRef = D4C0A0062E77AAAA00747100 /* ContextifyCore */; };
		D4C0A0092E77AAAA00747100 /* ContextifyCore in Frameworks */ = {isa = PBXBuildFile; productRef = D4C0A0072E77AAAA00747100 /* ContextifyCore */; };
		D4D14A0F2E9B7BA0004EC334 /* icon-composer-project.icon in Resources */ = {isa = PBXBuildFile; fileRef = D4D14A0E2E9B7BA0004EC334 /* icon-composer-project.icon */; };
		D4D8877C2E90D882008F8118 /* iterm2_reader.py in CopyFiles */ = {isa = PBXBuildFile; fileRef = D4D8877B2E90D882008F8118 /* iterm2_reader.py */; };
		D4D8877D2E90D883008F8119 /* iterm2_daemon.py in CopyFiles */ = {isa = PBXBuildFile; fileRef = D4D8877E2E90D884008F811A /* iterm2_daemon.py */; };
/* End PBXBuildFile section */

/* Begin PBXContainerItemProxy section */
		D4A773AB2E76936800747100 /* PBXContainerItemProxy */ = {
			isa = PBXContainerItemProxy;
			containerPortal = D4A773952E76936700747100 /* Project object */;
			proxyType = 1;
			remoteGlobalIDString = D4A7739C2E76936700747100;
			remoteInfo = Contextify;
		};
		D4A773B52E76936800747100 /* PBXContainerItemProxy */ = {
			isa = PBXContainerItemProxy;
			containerPortal = D4A773952E76936700747100 /* Project object */;
			proxyType = 1;
			remoteGlobalIDString = D4A7739C2E76936700747100;
			remoteInfo = Contextify;
		};
/* End PBXContainerItemProxy section */

/* Begin PBXCopyFilesBuildPhase section */
		D4D887782E90D7EE008F8118 /* CopyFiles */ = {
			isa = PBXCopyFilesBuildPhase;
			buildActionMask = 12;
			dstPath = "";
			dstSubfolderSpec = 7;
			files = (
				D4A0392C2E90D9F40049EE02 /* Python in CopyFiles */,
				D4D8877C2E90D882008F8118 /* iterm2_reader.py in CopyFiles */,
				D4D8877D2E90D883008F8119 /* iterm2_daemon.py in CopyFiles */,
				C752BFDF244441BEB040F09227F66E4C /* PythonVenv in CopyFiles */,
			);
			runOnlyForDeploymentPostprocessing = 0;
		};
/* End PBXCopyFilesBuildPhase section */

/* Begin PBXFileReference section */
		0236576BB8DF4ECFB6D4519D3DE91D56 /* PythonVenv */ = {isa = PBXFileReference; lastKnownFileType = folder; name = PythonVenv; path = ../dist/PythonVenv; sourceTree = "<group>"; };
		43584A98AE6A48C8B600354BB4041D2D /* Contextify/LaunchAgentManager.swift */ = {isa = PBXFileReference; lastKnownFileType = sourcecode.swift; path = Contextify/LaunchAgentManager.swift; sourceTree = SOURCE_ROOT; };
		71D15D3226D94598B321C960A30DC387 /* Contextify/ITerm2DaemonClient.swift */ = {isa = PBXFileReference; lastKnownFileType = sourcecode.swift; path = Contextify/ITerm2DaemonClient.swift; sourceTree = SOURCE_ROOT; };
		D4A037DE2E90D9AB0049EE02 /* websockets */ = {isa = PBXFileReference; lastKnownFileType = text; path = websockets; sourceTree = "<group>"; };
		D4A037E02E90D9AB0049EE02 /* _message.abi3.so */ = {isa = PBXFileReference; lastKnownFileType = "compiled.mach-o.dylib"; path = _message.abi3.so; sourceTree = "<group>"; };
		D4A037E22E90D9AB0049EE02 /* __init__.cpython-313.pyc */ = {isa = PBXFileReference; lastKnownFileType = file; path = "__init__.cpython-313.pyc"; sourceTree = "<group>"; };
		D4A037E32E90D9AB0049EE02 /* any_pb2.cpython-313.pyc */ = {isa = PBXFileReference; lastKnownFileType = file; path = "any_pb2.cpython-313.pyc"; sourceTree = "<group>"; };
		D4A037E42E90D9AB0049EE02 /* any.cpython-313.pyc */ = {isa = PBXFileReference; lastKnownFileType = file; path = "any.cpython-313.pyc"; sourceTree = "<group>"; };
		D4A037E52E90D9AB0049EE02 /* api_pb2.cpython-313.pyc */ = {isa = PBXFileReference; lastKnownFileType = file; path = "api_pb2.cpython-313.pyc"; sourceTree = "<group>"; };
		D4A037E62E90D9AB0049EE02 /* descriptor_database.cpython-313.pyc */ = {isa = PBXFileReference; lastKnownFileType = file; path = "descriptor_database.cpython-313.pyc"; sourceTree = "<group>"; };
		D4A037E72E90D9AB0049EE02 /* descriptor_pb2.cpython-313.pyc */ = {isa = PBXFileReference; lastKnownFileType = file; path = "descriptor_pb2.cpython-313.pyc"; sourceTree = "<group>"; };
		D4A037E82E90D9AB0049EE02 /* descriptor_pool.cpython-313.pyc */ = {isa = PBXFileReference; lastKnownFileType = file; path = "descriptor_pool.cpython-313.pyc"; sourceTree = "<group>"; };
		D4A037E92E90D9AB0049EE02 /* descriptor.cpython-313.pyc */ = {isa = PBXFileReference; lastKnownFileType = file; path = "descriptor.cpython-313.pyc"; sourceTree = "<group>"; };
		D4A037EA2E90D9AB0049EE02 /* duration_pb2.cpython-313.pyc */ = {isa = PBXFileReference; lastKnownFileType = file; path = "duration_pb2.cpython-313.pyc"; sourceTree = "<group>"; };
		D4A037EB2E90D9AB0049EE02 /* duration.cpython-313.pyc */ = {isa = PBXFileReference; lastKnownFileType = file; path = "duration.cpython-313.pyc"; sourceTree = "<group>"; };
		D4A037EC2E90D9AB0049EE02 /* empty_pb2.cpython-313.pyc */ = {isa = PBXFileReference; lastKnownFileType = file; path = "empty_pb2.cpython-313.pyc"; sourceTree = "<group>"; };
		D4A037ED2E90D9AB0049EE02 /* field_mask_pb2.cpython-313.pyc */ = {isa = PBXFileReference; lastKnownFileType = file; path = "field_mask_pb2.cpython-313.pyc"; sourceTree = "<group>"; };
		D4A037EE2E90D9AB0049EE02 /* json_format.cpython-313.pyc */ = {isa = PBXFileReference; lastKnownFileType = file; path = "json_format.cpython-313.pyc"; sourceTree = "<group>"; };
		D4A037EF2E90D9AB0049EE02 /* message_factory.cpython-313.pyc */ = {isa = PBXFileReference; lastKnownFileType = file; path = "message_factory.cpython-313.pyc"; sourceTree = "<group>"; };
		D4A037F02E90D9AB0049EE02 /* message.cpython-313.pyc */ = {isa = PBXFileReference; lastKnownFileType = file; path = "message.cpython-313.pyc"; sourceTree = "<group>"; };
		D4A037F12E90D9AB0049EE02 /* proto_builder.cpython-313.pyc */ = {isa = PBXFileReference; lastKnownFileType = file; path = "proto_builder.cpython-313.pyc"; sourceTree = "<group>"; };
		D4A037F22E90D9AB0049EE02 /* proto_json.cpython-313.pyc */ = {isa = PBXFileReference; lastKnownFileType = file; path = "proto_json.cpython-313.pyc"; sourceTree = "<group>"; };
		D4A037F32E90D9AB0049EE02 /* proto_text.cpython-313.pyc */ = {isa = PBXFileReference; lastKnownFileType = file; path = "proto_text.cpython-313.pyc"; sourceTree = "<group>"; };
		D4A037F42E90D9AB0049EE02 /* proto.cpython-313.pyc */ = {isa = PBXFileReference; lastKnownFileType = file; path = "proto.cpython-313.pyc"; sourceTree = "<group>"; };
		D4A037F52E90D9AB0049EE02 /* reflection.cpython-313.pyc */ = {isa = PBXFileReference; lastKnownFileType = file; path = "reflection.cpython-313.pyc"; sourceTree = "<group>"; };
		D4A037F62E90D9AB0049EE02 /* runtime_version.cpython-313.pyc */ = {isa = PBXFileReference; lastKnownFileType = file; path = "runtime_version.cpython-313.pyc"; sourceTree = "<group>"; };
		D4A037F72E90D9AB0049EE02 /* service_reflection.cpython-313.pyc */ = {isa = PBXFileReference; lastKnownFileType = file; path = "service_reflection.cpython-313.pyc"; sourceTree = "<group>"; };
		D4A037F82E90D9AB0049EE02 /* source_context_pb2.cpython-313.pyc */ = {isa = PBXFileReference; lastKnownFileType = file; path = "source_context_pb2.cpython-313.pyc"; sourceTree = "<group>"; };
		D4A037F92E90D9AB0049EE02 /* struct_pb2.cpython-313.pyc */ = {isa = PBXFileReference; lastKnownFileType = file; path = "struct_pb2.cpython-313.pyc"; sourceTree = "<group>"; };
		D4A037FA2E90D9AB0049EE02 /* symbol_database.cpython-313.pyc */ = {isa = PBXFileReference; lastKnownFileType = file; path = "symbol_database.cpython-313.pyc"; sourceTree = "<group>"; };
		D4A037FB2E90D9AB0049EE02 /* text_encoding.cpython-313.pyc */ = {isa = PBXFileReference; lastKnownFileType = file; path = "text_encoding.cpython-313.pyc"; sourceTree = "<group>"; };
		D4A037FC2E90D9AB0049EE02 /* text_format.cpython-313.pyc */ = {isa = PBXFileReference; lastKnownFileType = file; path = "text_format.cpython-313.pyc"; sourceTree = "<group>"; };
		D4A037FD2E90D9AB0049EE02 /* timestamp_pb2.cpython-313.pyc */ = {isa = PBXFileReference; lastKnownFileType = file; path = "timestamp_pb2.cpython-313.pyc"; sourceTree = "<group>"; };
		D4A037FE2E90D9AB0049EE02 /* timestamp.cpython-313.pyc */ = {isa = PBXFileReference; lastKnownFileType = file; path = "timestamp.cpython-313.pyc"; sourceTree = "<group>"; };
		D4A037FF2E90D9AB0049EE02 /* type_pb2.cpython-313.pyc */ = {isa = PBXFileReference; lastKnownFileType = file; path = "type_pb2.cpython-313.pyc"; sourceTree = "<group>"; };
		D4A038002E90D9AB0049EE02 /* unknown_fields.cpython-313.pyc */ = {isa = PBXFileReference; lastKnownFileType = file; path = "unknown_fields.cpython-313.pyc"; sourceTree = "<group>"; };
		D4A038012E90D9AB0049EE02 /* wrappers_pb2.cpython-313.pyc */ = {isa = PBXFileReference; lastKnownFileType = file; path = "wrappers_pb2.cpython-313.pyc"; sourceTree = "<group>"; };
		D4A038032E90D9AB0049EE02 /* __init__.cpython-313.pyc */ = {isa = PBXFileReference; lastKnownFileType = file; path = "__init__.cpython-313.pyc"; sourceTree = "<group>"; };
		D4A038042E90D9AB0049EE02 /* plugin_pb2.cpython-313.pyc */ = {isa = PBXFileReference; lastKnownFileType = file; path = "plugin_pb2.cpython-313.pyc"; sourceTree = "<group>"; };
		D4A038062E90D9AB0049EE02 /* __init__.py */ = {isa = PBXFileReference; lastKnownFileType = text.script.python; path = __init__.py; sourceTree = "<group>"; };
		D4A038072E90D9AB0049EE02 /* plugin_pb2.py */ = {isa = PBXFileReference; lastKnownFileType = text.script.python; path = plugin_pb2.py; sourceTree = "<group>"; };
		D4A038092E90D9AB0049EE02 /* __init__.cpython-313.pyc */ = {isa = PBXFileReference; lastKnownFileType = file; path = "__init__.cpython-313.pyc"; sourceTree = "<group>"; };
		D4A0380A2E90D9AB0049EE02 /* api_implementation.cpython-313.pyc */ = {isa = PBXFileReference; lastKnownFileType = file; path = "api_implementation.cpython-313.pyc"; sourceTree = "<group>"; };
		D4A0380B2E90D9AB0049EE02 /* builder.cpython-313.pyc */ = {isa = PBXFileReference; lastKnownFileType = file; path = "builder.cpython-313.pyc"; sourceTree = "<group>"; };
		D4A0380C2E90D9AB0049EE02 /* containers.cpython-313.pyc */ = {isa = PBXFileReference; lastKnownFileType = file; path = "containers.cpython-313.pyc"; sourceTree = "<group>"; };
		D4A0380D2E90D9AB0049EE02 /* decoder.cpython-313.pyc */ = {isa = PBXFileReference; lastKnownFileType = file; path = "decoder.cpython-313.pyc"; sourceTree = "<group>"; };
		D4A0380E2E90D9AB0049EE02 /* encoder.cpython-313.pyc */ = {isa = PBXFileReference; lastKnownFileType = file; path = "encoder.cpython-313.pyc"; sourceTree = "<group>"; };
		D4A0380F2E90D9AB0049EE02 /* enum_type_wrapper.cpython-313.pyc */ = {isa = PBXFileReference; lastKnownFileType = file; path = "enum_type_wrapper.cpython-313.pyc"; sourceTree = "<group>"; };
		D4A038102E90D9AB0049EE02 /* extension_dict.cpython-313.pyc */ = {isa = PBXFileReference; lastKnownFileType = file; path = "extension_dict.cpython-313.pyc"; sourceTree = "<group>"; };
		D4A038112E90D9AB0049EE02 /* field_mask.cpython-313.pyc */ = {isa = PBXFileReference; lastKnownFileType = file; path = "field_mask.cpython-313.pyc"; sourceTree = "<group>"; };
		D4A038122E90D9AB0049EE02 /* message_listener.cpython-313.pyc */ = {isa = PBXFileReference; lastKnownFileType = file; path = "message_listener.cpython-313.pyc"; sourceTree = "<group>"; };
		D4A038132E90D9AB0049EE02 /* python_edition_defaults.cpython-313.pyc */ = {isa = PBXFileReference; lastKnownFileType = file; path = "python_edition_defaults.cpython-313.pyc"; sourceTree = "<group>"; };
		D4A038142E90D9AB0049EE02 /* python_message.cpython-313.pyc */ = {isa = PBXFileReference; lastKnownFileType = file; path = "python_message.cpython-313.pyc"; sourceTree = "<group>"; };
		D4A038152E90D9AB0049EE02 /* testing_refleaks.cpython-313.pyc */ = {isa = PBXFileReference; lastKnownFileType = file; path = "testing_refleaks.cpython-313.pyc"; sourceTree = "<group>"; };
		D4A038162E90D9AB0049EE02 /* type_checkers.cpython-313.pyc */ = {isa = PBXFileReference; lastKnownFileType = file; path = "type_checkers.cpython-313.pyc"; sourceTree = "<group>"; };
		D4A038172E90D9AB0049EE02 /* well_known_types.cpython-313.pyc */ = {isa = PBXFileReference; lastKnownFileType = file; path = "well_known_types.cpython-313.pyc"; sourceTree = "<group>"; };
		D4A038182E90D9AB0049EE02 /* wire_format.cpython-313.pyc */ = {isa = PBXFileReference; lastKnownFileType = file; path = "wire_format.cpython-313.pyc"; sourceTree = "<group>"; };
		D4A0381A2E90D9AB0049EE02 /* __init__.py */ = {isa = PBXFileReference; lastKnownFileType = text.script.python; path = __init__.py; sourceTree = "<group>"; };
		D4A0381B2E90D9AB0049EE02 /* api_implementation.py */ = {isa = PBXFileReference; lastKnownFileType = text.script.python; path = api_implementation.py; sourceTree = "<group>"; };
		D4A0381C2E90D9AB0049EE02 /* builder.py */ = {isa = PBXFileReference; lastKnownFileType = text.script.python; path = builder.py; sourceTree = "<group>"; };
		D4A0381D2E90D9AB0049EE02 /* containers.py */ = {isa = PBXFileReference; lastKnownFileType = text.script.python; path = containers.py; sourceTree = "<group>"; };
		D4A0381E2E90D9AB0049EE02 /* decoder.py */ = {isa = PBXFileReference; lastKnownFileType = text.script.python; path = decoder.py; sourceTree = "<group>"; };
		D4A0381F2E90D9AB0049EE02 /* encoder.py */ = {isa = PBXFileReference; lastKnownFileType = text.script.python; path = encoder.py; sourceTree = "<group>"; };
		D4A038202E90D9AB0049EE02 /* enum_type_wrapper.py */ = {isa = PBXFileReference; lastKnownFileType = text.script.python; path = enum_type_wrapper.py; sourceTree = "<group>"; };
		D4A038212E90D9AB0049EE02 /* extension_dict.py */ = {isa = PBXFileReference; lastKnownFileType = text.script.python; path = extension_dict.py; sourceTree = "<group>"; };
		D4A038222E90D9AB0049EE02 /* field_mask.py */ = {isa = PBXFileReference; lastKnownFileType = text.script.python; path = field_mask.py; sourceTree = "<group>"; };
		D4A038232E90D9AB0049EE02 /* message_listener.py */ = {isa = PBXFileReference; lastKnownFileType = text.script.python; path = message_listener.py; sourceTree = "<group>"; };
		D4A038242E90D9AB0049EE02 /* python_edition_defaults.py */ = {isa = PBXFileReference; lastKnownFileType = text.script.python; path = python_edition_defaults.py; sourceTree = "<group>"; };
		D4A038252E90D9AB0049EE02 /* python_message.py */ = {isa = PBXFileReference; lastKnownFileType = text.script.python; path = python_message.py; sourceTree = "<group>"; };
		D4A038262E90D9AB0049EE02 /* testing_refleaks.py */ = {isa = PBXFileReference; lastKnownFileType = text.script.python; path = testing_refleaks.py; sourceTree = "<group>"; };
		D4A038272E90D9AB0049EE02 /* type_checkers.py */ = {isa = PBXFileReference; lastKnownFileType = text.script.python; path = type_checkers.py; sourceTree = "<group>"; };
		D4A038282E90D9AB0049EE02 /* well_known_types.py */ = {isa = PBXFileReference; lastKnownFileType = text.script.python; path = well_known_types.py; sourceTree = "<group>"; };
		D4A038292E90D9AB0049EE02 /* wire_format.py */ = {isa = PBXFileReference; lastKnownFileType = text.script.python; path = wire_format.py; sourceTree = "<group>"; };
		D4A0382B2E90D9AB0049EE02 /* __init__.cpython-313.pyc */ = {isa = PBXFileReference; lastKnownFileType = file; path = "__init__.cpython-313.pyc"; sourceTree = "<group>"; };
		D4A0382C2E90D9AB0049EE02 /* cpp_message.cpython-313.pyc */ = {isa = PBXFileReference; lastKnownFileType = file; path = "cpp_message.cpython-313.pyc"; sourceTree = "<group>"; };
		D4A0382E2E90D9AB0049EE02 /* __init__.py */ = {isa = PBXFileReference; lastKnownFileType = text.script.python; path = __init__.py; sourceTree = "<group>"; };
		D4A0382F2E90D9AB0049EE02 /* cpp_message.py */ = {isa = PBXFileReference; lastKnownFileType = text.script.python; path = cpp_message.py; sourceTree = "<group>"; };
		D4A038312E90D9AB0049EE02 /* __init__.cpython-313.pyc */ = {isa = PBXFileReference; lastKnownFileType = file; path = "__init__.cpython-313.pyc"; sourceTree = "<group>"; };
		D4A038332E90D9AB0049EE02 /* __init__.py */ = {isa = PBXFileReference; lastKnownFileType = text.script.python; path = __init__.py; sourceTree = "<group>"; };
		D4A038352E90D9AB0049EE02 /* __init__.cpython-313.pyc */ = {isa = PBXFileReference; lastKnownFileType = file; path = "__init__.cpython-313.pyc"; sourceTree = "<group>"; };
		D4A038372E90D9AB0049EE02 /* __init__.py */ = {isa = PBXFileReference; lastKnownFileType = text.script.python; path = __init__.py; sourceTree = "<group>"; };
		D4A038392E90D9AB0049EE02 /* __init__.py */ = {isa = PBXFileReference; lastKnownFileType = text.script.python; path = __init__.py; sourceTree = "<group>"; };
		D4A0383A2E90D9AB0049EE02 /* any.py */ = {isa = PBXFileReference; lastKnownFileType = text.script.python; path = any.py; sourceTree = "<group>"; };
		D4A0383B2E90D9AB0049EE02 /* any_pb2.py */ = {isa = PBXFileReference; lastKnownFileType = text.script.python; path = any_pb2.py; sourceTree = "<group>"; };
		D4A0383C2E90D9AB0049EE02 /* api_pb2.py */ = {isa = PBXFileReference; lastKnownFileType = text.script.python; path = api_pb2.py; sourceTree = "<group>"; };
		D4A0383D2E90D9AB0049EE02 /* descriptor.py */ = {isa = PBXFileReference; lastKnownFileType = text.script.python; path = descriptor.py; sourceTree = "<group>"; };
		D4A0383E2E90D9AB0049EE02 /* descriptor_database.py */ = {isa = PBXFileReference; lastKnownFileType = text.script.python; path = descriptor_database.py; sourceTree = "<group>"; };
		D4A0383F2E90D9AB0049EE02 /* descriptor_pb2.py */ = {isa = PBXFileReference; lastKnownFileType = text.script.python; path = descriptor_pb2.py; sourceTree = "<group>"; };
		D4A038402E90D9AB0049EE02 /* descriptor_pool.py */ = {isa = PBXFileReference; lastKnownFileType = text.script.python; path = descriptor_pool.py; sourceTree = "<group>"; };
		D4A038412E90D9AB0049EE02 /* duration.py */ = {isa = PBXFileReference; lastKnownFileType = text.script.python; path = duration.py; sourceTree = "<group>"; };
		D4A038422E90D9AB0049EE02 /* duration_pb2.py */ = {isa = PBXFileReference; lastKnownFileType = text.script.python; path = duration_pb2.py; sourceTree = "<group>"; };
		D4A038432E90D9AB0049EE02 /* empty_pb2.py */ = {isa = PBXFileReference; lastKnownFileType = text.script.python; path = empty_pb2.py; sourceTree = "<group>"; };
		D4A038442E90D9AB0049EE02 /* field_mask_pb2.py */ = {isa = PBXFileReference; lastKnownFileType = text.script.python; path = field_mask_pb2.py; sourceTree = "<group>"; };
		D4A038452E90D9AB0049EE02 /* json_format.py */ = {isa = PBXFileReference; lastKnownFileType = text.script.python; path = json_format.py; sourceTree = "<group>"; };
		D4A038462E90D9AB0049EE02 /* message.py */ = {isa = PBXFileReference; lastKnownFileType = text.script.python; path = message.py; sourceTree = "<group>"; };
		D4A038472E90D9AB0049EE02 /* message_factory.py */ = {isa = PBXFileReference; lastKnownFileType = text.script.python; path = message_factory.py; sourceTree = "<group>"; };
		D4A038482E90D9AB0049EE02 /* proto.py */ = {isa = PBXFileReference; lastKnownFileType = text.script.python; path = proto.py; sourceTree = "<group>"; };
		D4A038492E90D9AB0049EE02 /* proto_builder.py */ = {isa = PBXFileReference; lastKnownFileType = text.script.python; path = proto_builder.py; sourceTree = "<group>"; };
		D4A0384A2E90D9AB0049EE02 /* proto_json.py */ = {isa = PBXFileReference; lastKnownFileType = text.script.python; path = proto_json.py; sourceTree = "<group>"; };
		D4A0384B2E90D9AB0049EE02 /* proto_text.py */ = {isa = PBXFileReference; lastKnownFileType = text.script.python; path = proto_text.py; sourceTree = "<group>"; };
		D4A0384C2E90D9AB0049EE02 /* reflection.py */ = {isa = PBXFileReference; lastKnownFileType = text.script.python; path = reflection.py; sourceTree = "<group>"; };
		D4A0384D2E90D9AB0049EE02 /* runtime_version.py */ = {isa = PBXFileReference; lastKnownFileType = text.script.python; path = runtime_version.py; sourceTree = "<group>"; };
		D4A0384E2E90D9AB0049EE02 /* service_reflection.py */ = {isa = PBXFileReference; lastKnownFileType = text.script.python; path = service_reflection.py; sourceTree = "<group>"; };
		D4A0384F2E90D9AB0049EE02 /* source_context_pb2.py */ = {isa = PBXFileReference; lastKnownFileType = text.script.python; path = source_context_pb2.py; sourceTree = "<group>"; };
		D4A038502E90D9AB0049EE02 /* struct_pb2.py */ = {isa = PBXFileReference; lastKnownFileType = text.script.python; path = struct_pb2.py; sourceTree = "<group>"; };
		D4A038512E90D9AB0049EE02 /* symbol_database.py */ = {isa = PBXFileReference; lastKnownFileType = text.script.python; path = symbol_database.py; sourceTree = "<group>"; };
		D4A038522E90D9AB0049EE02 /* text_encoding.py */ = {isa = PBXFileReference; lastKnownFileType = text.script.python; path = text_encoding.py; sourceTree = "<group>"; };
		D4A038532E90D9AB0049EE02 /* text_format.py */ = {isa = PBXFileReference; lastKnownFileType = text.script.python; path = text_format.py; sourceTree = "<group>"; };
		D4A038542E90D9AB0049EE02 /* timestamp.py */ = {isa = PBXFileReference; lastKnownFileType = text.script.python; path = timestamp.py; sourceTree = "<group>"; };
		D4A038552E90D9AB0049EE02 /* timestamp_pb2.py */ = {isa = PBXFileReference; lastKnownFileType = text.script.python; path = timestamp_pb2.py; sourceTree = "<group>"; };
		D4A038562E90D9AB0049EE02 /* type_pb2.py */ = {isa = PBXFileReference; lastKnownFileType = text.script.python; path = type_pb2.py; sourceTree = "<group>"; };
		D4A038572E90D9AB0049EE02 /* unknown_fields.py */ = {isa = PBXFileReference; lastKnownFileType = text.script.python; path = unknown_fields.py; sourceTree = "<group>"; };
		D4A038582E90D9AB0049EE02 /* wrappers_pb2.py */ = {isa = PBXFileReference; lastKnownFileType = text.script.python; path = wrappers_pb2.py; sourceTree = "<group>"; };
		D4A0385B2E90D9AB0049EE02 /* __init__.cpython-313.pyc */ = {isa = PBXFileReference; lastKnownFileType = file; path = "__init__.cpython-313.pyc"; sourceTree = "<group>"; };
		D4A0385C2E90D9AB0049EE02 /* _version.cpython-313.pyc */ = {isa = PBXFileReference; lastKnownFileType = file; path = "_version.cpython-313.pyc"; sourceTree = "<group>"; };
		D4A0385D2E90D9AB0049EE02 /* alert.cpython-313.pyc */ = {isa = PBXFileReference; lastKnownFileType = file; path = "alert.cpython-313.pyc"; sourceTree = "<group>"; };
		D4A0385E2E90D9AB0049EE02 /* api_pb2.cpython-313.pyc */ = {isa = PBXFileReference; lastKnownFileType = file; path = "api_pb2.cpython-313.pyc"; sourceTree = "<group>"; };
		D4A0385F2E90D9AB0049EE02 /* app.cpython-313.pyc */ = {isa = PBXFileReference; lastKnownFileType = file; path = "app.cpython-313.pyc"; sourceTree = "<group>"; };
		D4A038602E90D9AB0049EE02 /* arrangement.cpython-313.pyc */ = {isa = PBXFileReference; lastKnownFileType = file; path = "arrangement.cpython-313.pyc"; sourceTree = "<group>"; };
		D4A038612E90D9AB0049EE02 /* auth.cpython-313.pyc */ = {isa = PBXFileReference; lastKnownFileType = file; path = "auth.cpython-313.pyc"; sourceTree = "<group>"; };
		D4A038622E90D9AB0049EE02 /* binding.cpython-313.pyc */ = {isa = PBXFileReference; lastKnownFileType = file; path = "binding.cpython-313.pyc"; sourceTree = "<group>"; };
		D4A038632E90D9AB0049EE02 /* broadcast.cpython-313.pyc */ = {isa = PBXFileReference; lastKnownFileType = file; path = "broadcast.cpython-313.pyc"; sourceTree = "<group>"; };
		D4A038642E90D9AB0049EE02 /* capabilities.cpython-313.pyc */ = {isa = PBXFileReference; lastKnownFileType = file; path = "capabilities.cpython-313.pyc"; sourceTree = "<group>"; };
		D4A038652E90D9AB0049EE02 /* color.cpython-313.pyc */ = {isa = PBXFileReference; lastKnownFileType = file; path = "color.cpython-313.pyc"; sourceTree = "<group>"; };
		D4A038662E90D9AB0049EE02 /* colorpresets.cpython-313.pyc */ = {isa = PBXFileReference; lastKnownFileType = file; path = "colorpresets.cpython-313.pyc"; sourceTree = "<group>"; };
		D4A038672E90D9AB0049EE02 /* connection.cpython-313.pyc */ = {isa = PBXFileReference; lastKnownFileType = file; path = "connection.cpython-313.pyc"; sourceTree = "<group>"; };
		D4A038682E90D9AB0049EE02 /* customcontrol.cpython-313.pyc */ = {isa = PBXFileReference; lastKnownFileType = file; path = "customcontrol.cpython-313.pyc"; sourceTree = "<group>"; };
		D4A038692E90D9AB0049EE02 /* filepanel.cpython-313.pyc */ = {isa = PBXFileReference; lastKnownFileType = file; path = "filepanel.cpython-313.pyc"; sourceTree = "<group>"; };
		D4A0386A2E90D9AB0049EE02 /* focus.cpython-313.pyc */ = {isa = PBXFileReference; lastKnownFileType = file; path = "focus.cpython-313.pyc"; sourceTree = "<group>"; };
		D4A0386B2E90D9AB0049EE02 /* keyboard.cpython-313.pyc */ = {isa = PBXFileReference; lastKnownFileType = file; path = "keyboard.cpython-313.pyc"; sourceTree = "<group>"; };
		D4A0386C2E90D9AB0049EE02 /* lifecycle.cpython-313.pyc */ = {isa = PBXFileReference; lastKnownFileType = file; path = "lifecycle.cpython-313.pyc"; sourceTree = "<group>"; };
		D4A0386D2E90D9AB0049EE02 /* mainmenu.cpython-313.pyc */ = {isa = PBXFileReference; lastKnownFileType = file; path = "mainmenu.cpython-313.pyc"; sourceTree = "<group>"; };
		D4A0386E2E90D9AB0049EE02 /* notifications.cpython-313.pyc */ = {isa = PBXFileReference; lastKnownFileType = file; path = "notifications.cpython-313.pyc"; sourceTree = "<group>"; };
		D4A0386F2E90D9AB0049EE02 /* preferences.cpython-313.pyc */ = {isa = PBXFileReference; lastKnownFileType = file; path = "preferences.cpython-313.pyc"; sourceTree = "<group>"; };
		D4A038702E90D9AB0049EE02 /* profile.cpython-313.pyc */ = {isa = PBXFileReference; lastKnownFileType = file; path = "profile.cpython-313.pyc"; sourceTree = "<group>"; };
		D4A038712E90D9AB0049EE02 /* prompt.cpython-313.pyc */ = {isa = PBXFileReference; lastKnownFileType = file; path = "prompt.cpython-313.pyc"; sourceTree = "<group>"; };
		D4A038722E90D9AB0049EE02 /* registration.cpython-313.pyc */ = {isa = PBXFileReference; lastKnownFileType = file; path = "registration.cpython-313.pyc"; sourceTree = "<group>"; };
		D4A038732E90D9AB0049EE02 /* rpc.cpython-313.pyc */ = {isa = PBXFileReference; lastKnownFileType = file; path = "rpc.cpython-313.pyc"; sourceTree = "<group>"; };
		D4A038742E90D9AB0049EE02 /* screen.cpython-313.pyc */ = {isa = PBXFileReference; lastKnownFileType = file; path = "screen.cpython-313.pyc"; sourceTree = "<group>"; };
		D4A038752E90D9AB0049EE02 /* selection.cpython-313.pyc */ = {isa = PBXFileReference; lastKnownFileType = file; path = "selection.cpython-313.pyc"; sourceTree = "<group>"; };
		D4A038762E90D9AB0049EE02 /* session.cpython-313.pyc */ = {isa = PBXFileReference; lastKnownFileType = file; path = "session.cpython-313.pyc"; sourceTree = "<group>"; };
		D4A038772E90D9AB0049EE02 /* statusbar.cpython-313.pyc */ = {isa = PBXFileReference; lastKnownFileType = file; path = "statusbar.cpython-313.pyc"; sourceTree = "<group>"; };
		D4A038782E90D9AB0049EE02 /* tab.cpython-313.pyc */ = {isa = PBXFileReference; lastKnownFileType = file; path = "tab.cpython-313.pyc"; sourceTree = "<group>"; };
		D4A038792E90D9AB0049EE02 /* tmux.cpython-313.pyc */ = {isa = PBXFileReference; lastKnownFileType = file; path = "tmux.cpython-313.pyc"; sourceTree = "<group>"; };
		D4A0387A2E90D9AB0049EE02 /* tool.cpython-313.pyc */ = {isa = PBXFileReference; lastKnownFileType = file; path = "tool.cpython-313.pyc"; sourceTree = "<group>"; };
		D4A0387B2E90D9AB0049EE02 /* transaction.cpython-313.pyc */ = {isa = PBXFileReference; lastKnownFileType = file; path = "transaction.cpython-313.pyc"; sourceTree = "<group>"; };
		D4A0387C2E90D9AB0049EE02 /* triggers.cpython-313.pyc */ = {isa = PBXFileReference; lastKnownFileType = file; path = "triggers.cpython-313.pyc"; sourceTree = "<group>"; };
		D4A0387D2E90D9AB0049EE02 /* util.cpython-313.pyc */ = {isa = PBXFileReference; lastKnownFileType = file; path = "util.cpython-313.pyc"; sourceTree = "<group>"; };
		D4A0387E2E90D9AB0049EE02 /* variables.cpython-313.pyc */ = {isa = PBXFileReference; lastKnownFileType = file; path = "variables.cpython-313.pyc"; sourceTree = "<group>"; };
		D4A0387F2E90D9AB0049EE02 /* window.cpython-313.pyc */ = {isa = PBXFileReference; lastKnownFileType = file; path = "window.cpython-313.pyc"; sourceTree = "<group>"; };
		D4A038812E90D9AB0049EE02 /* __init__.py */ = {isa = PBXFileReference; lastKnownFileType = text.script.python; path = __init__.py; sourceTree = "<group>"; };
		D4A038822E90D9AB0049EE02 /* _version.py */ = {isa = PBXFileReference; lastKnownFileType = text.script.python; path = _version.py; sourceTree = "<group>"; };
		D4A038832E90D9AB0049EE02 /* alert.py */ = {isa = PBXFileReference; lastKnownFileType = text.script.python; path = alert.py; sourceTree = "<group>"; };
		D4A038842E90D9AB0049EE02 /* api_pb2.py */ = {isa = PBXFileReference; lastKnownFileType = text.script.python; path = api_pb2.py; sourceTree = "<group>"; };
		D4A038852E90D9AB0049EE02 /* app.py */ = {isa = PBXFileReference; lastKnownFileType = text.script.python; path = app.py; sourceTree = "<group>"; };
		D4A038862E90D9AB0049EE02 /* arrangement.py */ = {isa = PBXFileReference; lastKnownFileType = text.script.python; path = arrangement.py; sourceTree = "<group>"; };
		D4A038872E90D9AB0049EE02 /* auth.py */ = {isa = PBXFileReference; lastKnownFileType = text.script.python; path = auth.py; sourceTree = "<group>"; };
		D4A038882E90D9AB0049EE02 /* binding.py */ = {isa = PBXFileReference; lastKnownFileType = text.script.python; path = binding.py; sourceTree = "<group>"; };
		D4A038892E90D9AB0049EE02 /* broadcast.py */ = {isa = PBXFileReference; lastKnownFileType = text.script.python; path = broadcast.py; sourceTree = "<group>"; };
		D4A0388A2E90D9AB0049EE02 /* capabilities.py */ = {isa = PBXFileReference; lastKnownFileType = text.script.python; path = capabilities.py; sourceTree = "<group>"; };
		D4A0388B2E90D9AB0049EE02 /* color.py */ = {isa = PBXFileReference; lastKnownFileType = text.script.python; path = color.py; sourceTree = "<group>"; };
		D4A0388C2E90D9AB0049EE02 /* colorpresets.py */ = {isa = PBXFileReference; lastKnownFileType = text.script.python; path = colorpresets.py; sourceTree = "<group>"; };
		D4A0388D2E90D9AB0049EE02 /* connection.py */ = {isa = PBXFileReference; lastKnownFileType = text.script.python; path = connection.py; sourceTree = "<group>"; };
		D4A0388E2E90D9AB0049EE02 /* customcontrol.py */ = {isa = PBXFileReference; lastKnownFileType = text.script.python; path = customcontrol.py; sourceTree = "<group>"; };
		D4A0388F2E90D9AB0049EE02 /* filepanel.py */ = {isa = PBXFileReference; lastKnownFileType = text.script.python; path = filepanel.py; sourceTree = "<group>"; };
		D4A038902E90D9AB0049EE02 /* focus.py */ = {isa = PBXFileReference; lastKnownFileType = text.script.python; path = focus.py; sourceTree = "<group>"; };
		D4A038912E90D9AB0049EE02 /* keyboard.py */ = {isa = PBXFileReference; lastKnownFileType = text.script.python; path = keyboard.py; sourceTree = "<group>"; };
		D4A038922E90D9AB0049EE02 /* lifecycle.py */ = {isa = PBXFileReference; lastKnownFileType = text.script.python; path = lifecycle.py; sourceTree = "<group>"; };
		D4A038932E90D9AB0049EE02 /* mainmenu.py */ = {isa = PBXFileReference; lastKnownFileType = text.script.python; path = mainmenu.py; sourceTree = "<group>"; };
		D4A038942E90D9AB0049EE02 /* notifications.py */ = {isa = PBXFileReference; lastKnownFileType = text.script.python; path = notifications.py; sourceTree = "<group>"; };
		D4A038952E90D9AB0049EE02 /* preferences.py */ = {isa = PBXFileReference; lastKnownFileType = text.script.python; path = preferences.py; sourceTree = "<group>"; };
		D4A038962E90D9AB0049EE02 /* profile.py */ = {isa = PBXFileReference; lastKnownFileType = text.script.python; path = profile.py; sourceTree = "<group>"; };
		D4A038972E90D9AB0049EE02 /* prompt.py */ = {isa = PBXFileReference; lastKnownFileType = text.script.python; path = prompt.py; sourceTree = "<group>"; };
		D4A038982E90D9AB0049EE02 /* registration.py */ = {isa = PBXFileReference; lastKnownFileType = text.script.python; path = registration.py; sourceTree = "<group>"; };
		D4A038992E90D9AB0049EE02 /* rpc.py */ = {isa = PBXFileReference; lastKnownFileType = text.script.python; path = rpc.py; sourceTree = "<group>"; };
		D4A0389A2E90D9AB0049EE02 /* screen.py */ = {isa = PBXFileReference; lastKnownFileType = text.script.python; path = screen.py; sourceTree = "<group>"; };
		D4A0389B2E90D9AB0049EE02 /* selection.py */ = {isa = PBXFileReference; lastKnownFileType = text.script.python; path = selection.py; sourceTree = "<group>"; };
		D4A0389C2E90D9AB0049EE02 /* session.py */ = {isa = PBXFileReference; lastKnownFileType = text.script.python; path = session.py; sourceTree = "<group>"; };
		D4A0389D2E90D9AB0049EE02 /* statusbar.py */ = {isa = PBXFileReference; lastKnownFileType = text.script.python; path = statusbar.py; sourceTree = "<group>"; };
		D4A0389E2E90D9AB0049EE02 /* tab.py */ = {isa = PBXFileReference; lastKnownFileType = text.script.python; path = tab.py; sourceTree = "<group>"; };
		D4A0389F2E90D9AB0049EE02 /* tmux.py */ = {isa = PBXFileReference; lastKnownFileType = text.script.python; path = tmux.py; sourceTree = "<group>"; };
		D4A038A02E90D9AB0049EE02 /* tool.py */ = {isa = PBXFileReference; lastKnownFileType = text.script.python; path = tool.py; sourceTree = "<group>"; };
		D4A038A12E90D9AB0049EE02 /* transaction.py */ = {isa = PBXFileReference; lastKnownFileType = text.script.python; path = transaction.py; sourceTree = "<group>"; };
		D4A038A22E90D9AB0049EE02 /* triggers.py */ = {isa = PBXFileReference; lastKnownFileType = text.script.python; path = triggers.py; sourceTree = "<group>"; };
		D4A038A32E90D9AB0049EE02 /* util.py */ = {isa = PBXFileReference; lastKnownFileType = text.script.python; path = util.py; sourceTree = "<group>"; };
		D4A038A42E90D9AB0049EE02 /* variables.py */ = {isa = PBXFileReference; lastKnownFileType = text.script.python; path = variables.py; sourceTree = "<group>"; };
		D4A038A52E90D9AB0049EE02 /* window.py */ = {isa = PBXFileReference; lastKnownFileType = text.script.python; path = window.py; sourceTree = "<group>"; };
		D4A038A72E90D9AB0049EE02 /* INSTALLER */ = {isa = PBXFileReference; lastKnownFileType = text; path = INSTALLER; sourceTree = "<group>"; };
		D4A038A82E90D9AB0049EE02 /* METADATA */ = {isa = PBXFileReference; lastKnownFileType = text; path = METADATA; sourceTree = "<group>"; };
		D4A038A92E90D9AB0049EE02 /* RECORD */ = {isa = PBXFileReference; lastKnownFileType = text; path = RECORD; sourceTree = "<group>"; };
		D4A038AA2E90D9AB0049EE02 /* REQUESTED */ = {isa = PBXFileReference; lastKnownFileType = text; path = REQUESTED; sourceTree = "<group>"; };
		D4A038AB2E90D9AB0049EE02 /* top_level.txt */ = {isa = PBXFileReference; lastKnownFileType = text; path = top_level.txt; sourceTree = "<group>"; };
		D4A038AC2E90D9AB0049EE02 /* WHEEL */ = {isa = PBXFileReference; lastKnownFileType = text; path = WHEEL; sourceTree = "<group>"; };
		D4A038AE2E90D9AB0049EE02 /* INSTALLER */ = {isa = PBXFileReference; lastKnownFileType = text; path = INSTALLER; sourceTree = "<group>"; };
		D4A038AF2E90D9AB0049EE02 /* LICENSE */ = {isa = PBXFileReference; lastKnownFileType = text; path = LICENSE; sourceTree = "<group>"; };
		D4A038B02E90D9AB0049EE02 /* METADATA */ = {isa = PBXFileReference; lastKnownFileType = text; path = METADATA; sourceTree = "<group>"; };
		D4A038B12E90D9AB0049EE02 /* RECORD */ = {isa = PBXFileReference; lastKnownFileType = text; path = RECORD; sourceTree = "<group>"; };
		D4A038B22E90D9AB0049EE02 /* WHEEL */ = {isa = PBXFileReference; lastKnownFileType = text; path = WHEEL; sourceTree = "<group>"; };
		D4A038B42E90D9AB0049EE02 /* __init__.cpython-313.pyc */ = {isa = PBXFileReference; lastKnownFileType = file; path = "__init__.cpython-313.pyc"; sourceTree = "<group>"; };
		D4A038B52E90D9AB0049EE02 /* __main__.cpython-313.pyc */ = {isa = PBXFileReference; lastKnownFileType = file; path = "__main__.cpython-313.pyc"; sourceTree = "<group>"; };
		D4A038B62E90D9AB0049EE02 /* auth.cpython-313.pyc */ = {isa = PBXFileReference; lastKnownFileType = file; path = "auth.cpython-313.pyc"; sourceTree = "<group>"; };
		D4A038B72E90D9AB0049EE02 /* cli.cpython-313.pyc */ = {isa = PBXFileReference; lastKnownFileType = file; path = "cli.cpython-313.pyc"; sourceTree = "<group>"; };
		D4A038B82E90D9AB0049EE02 /* client.cpython-313.pyc */ = {isa = PBXFileReference; lastKnownFileType = file; path = "client.cpython-313.pyc"; sourceTree = "<group>"; };
		D4A038B92E90D9AB0049EE02 /* connection.cpython-313.pyc */ = {isa = PBXFileReference; lastKnownFileType = file; path = "connection.cpython-313.pyc"; sourceTree = "<group>"; };
		D4A038BA2E90D9AB0049EE02 /* datastructures.cpython-313.pyc */ = {isa = PBXFileReference; lastKnownFileType = file; path = "datastructures.cpython-313.pyc"; sourceTree = "<group>"; };
		D4A038BB2E90D9AB0049EE02 /* exceptions.cpython-313.pyc */ = {isa = PBXFileReference; lastKnownFileType = file; path = "exceptions.cpython-313.pyc"; sourceTree = "<group>"; };
		D4A038BC2E90D9AB0049EE02 /* frames.cpython-313.pyc */ = {isa = PBXFileReference; lastKnownFileType = file; path = "frames.cpython-313.pyc"; sourceTree = "<group>"; };
		D4A038BD2E90D9AB0049EE02 /* headers.cpython-313.pyc */ = {isa = PBXFileReference; lastKnownFileType = file; path = "headers.cpython-313.pyc"; sourceTree = "<group>"; };
		D4A038BE2E90D9AB0049EE02 /* http.cpython-313.pyc */ = {isa = PBXFileReference; lastKnownFileType = file; path = "http.cpython-313.pyc"; sourceTree = "<group>"; };
		D4A038BF2E90D9AB0049EE02 /* http11.cpython-313.pyc */ = {isa = PBXFileReference; lastKnownFileType = file; path = "http11.cpython-313.pyc"; sourceTree = "<group>"; };
		D4A038C02E90D9AB0049EE02 /* imports.cpython-313.pyc */ = {isa = PBXFileReference; lastKnownFileType = file; path = "imports.cpython-313.pyc"; sourceTree = "<group>"; };
		D4A038C12E90D9AB0049EE02 /* protocol.cpython-313.pyc */ = {isa = PBXFileReference; lastKnownFileType = file; path = "protocol.cpython-313.pyc"; sourceTree = "<group>"; };
		D4A038C22E90D9AB0049EE02 /* server.cpython-313.pyc */ = {isa = PBXFileReference; lastKnownFileType = file; path = "server.cpython-313.pyc"; sourceTree = "<group>"; };
		D4A038C32E90D9AB0049EE02 /* streams.cpython-313.pyc */ = {isa = PBXFileReference; lastKnownFileType = file; path = "streams.cpython-313.pyc"; sourceTree = "<group>"; };
		D4A038C42E90D9AB0049EE02 /* typing.cpython-313.pyc */ = {isa = PBXFileReference; lastKnownFileType = file; path = "typing.cpython-313.pyc"; sourceTree = "<group>"; };
		D4A038C52E90D9AB0049EE02 /* uri.cpython-313.pyc */ = {isa = PBXFileReference; lastKnownFileType = file; path = "uri.cpython-313.pyc"; sourceTree = "<group>"; };
		D4A038C62E90D9AB0049EE02 /* utils.cpython-313.pyc */ = {isa = PBXFileReference; lastKnownFileType = file; path = "utils.cpython-313.pyc"; sourceTree = "<group>"; };
		D4A038C72E90D9AB0049EE02 /* version.cpython-313.pyc */ = {isa = PBXFileReference; lastKnownFileType = file; path = "version.cpython-313.pyc"; sourceTree = "<group>"; };
		D4A038C92E90D9AB0049EE02 /* __init__.cpython-313.pyc */ = {isa = PBXFileReference; lastKnownFileType = file; path = "__init__.cpython-313.pyc"; sourceTree = "<group>"; };
		D4A038CA2E90D9AB0049EE02 /* async_timeout.cpython-313.pyc */ = {isa = PBXFileReference; lastKnownFileType = file; path = "async_timeout.cpython-313.pyc"; sourceTree = "<group>"; };
		D4A038CB2E90D9AB0049EE02 /* client.cpython-313.pyc */ = {isa = PBXFileReference; lastKnownFileType = file; path = "client.cpython-313.pyc"; sourceTree = "<group>"; };
		D4A038CC2E90D9AB0049EE02 /* compatibility.cpython-313.pyc */ = {isa = PBXFileReference; lastKnownFileType = file; path = "compatibility.cpython-313.pyc"; sourceTree = "<group>"; };
		D4A038CD2E90D9AB0049EE02 /* connection.cpython-313.pyc */ = {isa = PBXFileReference; lastKnownFileType = file; path = "connection.cpython-313.pyc"; sourceTree = "<group>"; };
		D4A038CE2E90D9AB0049EE02 /* messages.cpython-313.pyc */ = {isa = PBXFileReference; lastKnownFileType = file; path = "messages.cpython-313.pyc"; sourceTree = "<group>"; };
		D4A038CF2E90D9AB0049EE02 /* router.cpython-313.pyc */ = {isa = PBXFileReference; lastKnownFileType = file; path = "router.cpython-313.pyc"; sourceTree = "<group>"; };
		D4A038D02E90D9AB0049EE02 /* server.cpython-313.pyc */ = {isa = PBXFileReference; lastKnownFileType = file; path = "server.cpython-313.pyc"; sourceTree = "<group>"; };
		D4A038D22E90D9AB0049EE02 /* __init__.py */ = {isa = PBXFileReference; lastKnownFileType = text.script.python; path = __init__.py; sourceTree = "<group>"; };
		D4A038D32E90D9AB0049EE02 /* async_timeout.py */ = {isa = PBXFileReference; lastKnownFileType = text.script.python; path = async_timeout.py; sourceTree = "<group>"; };
		D4A038D42E90D9AB0049EE02 /* client.py */ = {isa = PBXFileReference; lastKnownFileType = text.script.python; path = client.py; sourceTree = "<group>"; };
		D4A038D52E90D9AB0049EE02 /* compatibility.py */ = {isa = PBXFileReference; lastKnownFileType = text.script.python; path = compatibility.py; sourceTree = "<group>"; };
		D4A038D62E90D9AB0049EE02 /* connection.py */ = {isa = PBXFileReference; lastKnownFileType = text.script.python; path = connection.py; sourceTree = "<group>"; };
		D4A038D72E90D9AB0049EE02 /* messages.py */ = {isa = PBXFileReference; lastKnownFileType = text.script.python; path = messages.py; sourceTree = "<group>"; };
		D4A038D82E90D9AB0049EE02 /* router.py */ = {isa = PBXFileReference; lastKnownFileType = text.script.python; path = router.py; sourceTree = "<group>"; };
		D4A038D92E90D9AB0049EE02 /* server.py */ = {isa = PBXFileReference; lastKnownFileType = text.script.python; path = server.py; sourceTree = "<group>"; };
		D4A038DB2E90D9AB0049EE02 /* __init__.cpython-313.pyc */ = {isa = PBXFileReference; lastKnownFileType = file; path = "__init__.cpython-313.pyc"; sourceTree = "<group>"; };
		D4A038DC2E90D9AB0049EE02 /* base.cpython-313.pyc */ = {isa = PBXFileReference; lastKnownFileType = file; path = "base.cpython-313.pyc"; sourceTree = "<group>"; };
		D4A038DD2E90D9AB0049EE02 /* permessage_deflate.cpython-313.pyc */ = {isa = PBXFileReference; lastKnownFileType = file; path = "permessage_deflate.cpython-313.pyc"; sourceTree = "<group>"; };
		D4A038DF2E90D9AB0049EE02 /* __init__.py */ = {isa = PBXFileReference; lastKnownFileType = text.script.python; path = __init__.py; sourceTree = "<group>"; };
		D4A038E02E90D9AB0049EE02 /* base.py */ = {isa = PBXFileReference; lastKnownFileType = text.script.python; path = base.py; sourceTree = "<group>"; };
		D4A038E12E90D9AB0049EE02 /* permessage_deflate.py */ = {isa = PBXFileReference; lastKnownFileType = text.script.python; path = permessage_deflate.py; sourceTree = "<group>"; };
		D4A038E32E90D9AB0049EE02 /* __init__.cpython-313.pyc */ = {isa = PBXFileReference; lastKnownFileType = file; path = "__init__.cpython-313.pyc"; sourceTree = "<group>"; };
		D4A038E42E90D9AB0049EE02 /* auth.cpython-313.pyc */ = {isa = PBXFileReference; lastKnownFileType = file; path = "auth.cpython-313.pyc"; sourceTree = "<group>"; };
		D4A038E52E90D9AB0049EE02 /* client.cpython-313.pyc */ = {isa = PBXFileReference; lastKnownFileType = file; path = "client.cpython-313.pyc"; sourceTree = "<group>"; };
		D4A038E62E90D9AB0049EE02 /* exceptions.cpython-313.pyc */ = {isa = PBXFileReference; lastKnownFileType = file; path = "exceptions.cpython-313.pyc"; sourceTree = "<group>"; };
		D4A038E72E90D9AB0049EE02 /* framing.cpython-313.pyc */ = {isa = PBXFileReference; lastKnownFileType = file; path = "framing.cpython-313.pyc"; sourceTree = "<group>"; };
		D4A038E82E90D9AB0049EE02 /* handshake.cpython-313.pyc */ = {isa = PBXFileReference; lastKnownFileType = file; path = "handshake.cpython-313.pyc"; sourceTree = "<group>"; };
		D4A038E92E90D9AB0049EE02 /* http.cpython-313.pyc */ = {isa = PBXFileReference; lastKnownFileType = file; path = "http.cpython-313.pyc"; sourceTree = "<group>"; };
		D4A038EA2E90D9AB0049EE02 /* protocol.cpython-313.pyc */ = {isa = PBXFileReference; lastKnownFileType = file; path = "protocol.cpython-313.pyc"; sourceTree = "<group>"; };
		D4A038EB2E90D9AB0049EE02 /* server.cpython-313.pyc */ = {isa = PBXFileReference; lastKnownFileType = file; path = "server.cpython-313.pyc"; sourceTree = "<group>"; };
		D4A038ED2E90D9AB0049EE02 /* __init__.py */ = {isa = PBXFileReference; lastKnownFileType = text.script.python; path = __init__.py; sourceTree = "<group>"; };
		D4A038EE2E90D9AB0049EE02 /* auth.py */ = {isa = PBXFileReference; lastKnownFileType = text.script.python; path = auth.py; sourceTree = "<group>"; };
		D4A038EF2E90D9AB0049EE02 /* client.py */ = {isa = PBXFileReference; lastKnownFileType = text.script.python; path = client.py; sourceTree = "<group>"; };
		D4A038F02E90D9AB0049EE02 /* exceptions.py */ = {isa = PBXFileReference; lastKnownFileType = text.script.python; path = exceptions.py; sourceTree = "<group>"; };
		D4A038F12E90D9AB0049EE02 /* framing.py */ = {isa = PBXFileReference; lastKnownFileType = text.script.python; path = framing.py; sourceTree = "<group>"; };
		D4A038F22E90D9AB0049EE02 /* handshake.py */ = {isa = PBXFileReference; lastKnownFileType = text.script.python; path = handshake.py; sourceTree = "<group>"; };
		D4A038F32E90D9AB0049EE02 /* http.py */ = {isa = PBXFileReference; lastKnownFileType = text.script.python; path = http.py; sourceTree = "<group>"; };
		D4A038F42E90D9AB0049EE02 /* protocol.py */ = {isa = PBXFileReference; lastKnownFileType = text.script.python; path = protocol.py; sourceTree = "<group>"; };
		D4A038F52E90D9AB0049EE02 /* server.py */ = {isa = PBXFileReference; lastKnownFileType = text.script.python; path = server.py; sourceTree = "<group>"; };
		D4A038F72E90D9AB0049EE02 /* __init__.cpython-313.pyc */ = {isa = PBXFileReference; lastKnownFileType = file; path = "__init__.cpython-313.pyc"; sourceTree = "<group>"; };
		D4A038F82E90D9AB0049EE02 /* client.cpython-313.pyc */ = {isa = PBXFileReference; lastKnownFileType = file; path = "client.cpython-313.pyc"; sourceTree = "<group>"; };
		D4A038F92E90D9AB0049EE02 /* connection.cpython-313.pyc */ = {isa = PBXFileReference; lastKnownFileType = file; path = "connection.cpython-313.pyc"; sourceTree = "<group>"; };
		D4A038FA2E90D9AB0049EE02 /* messages.cpython-313.pyc */ = {isa = PBXFileReference; lastKnownFileType = file; path = "messages.cpython-313.pyc"; sourceTree = "<group>"; };
		D4A038FB2E90D9AB0049EE02 /* router.cpython-313.pyc */ = {isa = PBXFileReference; lastKnownFileType = file; path = "router.cpython-313.pyc"; sourceTree = "<group>"; };
		D4A038FC2E90D9AB0049EE02 /* server.cpython-313.pyc */ = {isa = PBXFileReference; lastKnownFileType = file; path = "server.cpython-313.pyc"; sourceTree = "<group>"; };
		D4A038FD2E90D9AB0049EE02 /* utils.cpython-313.pyc */ = {isa = PBXFileReference; lastKnownFileType = file; path = "utils.cpython-313.pyc"; sourceTree = "<group>"; };
		D4A038FF2E90D9AB0049EE02 /* __init__.py */ = {isa = PBXFileReference; lastKnownFileType = text.script.python; path = __init__.py; sourceTree = "<group>"; };
		D4A039002E90D9AB0049EE02 /* client.py */ = {isa = PBXFileReference; lastKnownFileType = text.script.python; path = client.py; sourceTree = "<group>"; };
		D4A039012E90D9AB0049EE02 /* connection.py */ = {isa = PBXFileReference; lastKnownFileType = text.script.python; path = connection.py; sourceTree = "<group>"; };
		D4A039022E90D9AB0049EE02 /* messages.py */ = {isa = PBXFileReference; lastKnownFileType = text.script.python; path = messages.py; sourceTree = "<group>"; };
		D4A039032E90D9AB0049EE02 /* router.py */ = {isa = PBXFileReference; lastKnownFileType = text.script.python; path = router.py; sourceTree = "<group>"; };
		D4A039042E90D9AB0049EE02 /* server.py */ = {isa = PBXFileReference; lastKnownFileType = text.script.python; path = server.py; sourceTree = "<group>"; };
		D4A039052E90D9AB0049EE02 /* utils.py */ = {isa = PBXFileReference; lastKnownFileType = text.script.python; path = utils.py; sourceTree = "<group>"; };
		D4A039072E90D9AB0049EE02 /* __init__.py */ = {isa = PBXFileReference; lastKnownFileType = text.script.python; path = __init__.py; sourceTree = "<group>"; };
		D4A039082E90D9AB0049EE02 /* __main__.py */ = {isa = PBXFileReference; lastKnownFileType = text.script.python; path = __main__.py; sourceTree = "<group>"; };
		D4A039092E90D9AB0049EE02 /* auth.py */ = {isa = PBXFileReference; lastKnownFileType = text.script.python; path = auth.py; sourceTree = "<group>"; };
		D4A0390A2E90D9AB0049EE02 /* cli.py */ = {isa = PBXFileReference; lastKnownFileType = text.script.python; path = cli.py; sourceTree = "<group>"; };
		D4A0390B2E90D9AB0049EE02 /* client.py */ = {isa = PBXFileReference; lastKnownFileType = text.script.python; path = client.py; sourceTree = "<group>"; };
		D4A0390C2E90D9AB0049EE02 /* connection.py */ = {isa = PBXFileReference; lastKnownFileType = text.script.python; path = connection.py; sourceTree = "<group>"; };
		D4A0390D2E90D9AB0049EE02 /* datastructures.py */ = {isa = PBXFileReference; lastKnownFileType = text.script.python; path = datastructures.py; sourceTree = "<group>"; };
		D4A0390E2E90D9AB0049EE02 /* exceptions.py */ = {isa = PBXFileReference; lastKnownFileType = text.script.python; path = exceptions.py; sourceTree = "<group>"; };
		D4A0390F2E90D9AB0049EE02 /* frames.py */ = {isa = PBXFileReference; lastKnownFileType = text.script.python; path = frames.py; sourceTree = "<group>"; };
		D4A039102E90D9AB0049EE02 /* headers.py */ = {isa = PBXFileReference; lastKnownFileType = text.script.python; path = headers.py; sourceTree = "<group>"; };
		D4A039112E90D9AB0049EE02 /* http.py */ = {isa = PBXFileReference; lastKnownFileType = text.script.python; path = http.py; sourceTree = "<group>"; };
		D4A039122E90D9AB0049EE02 /* http11.py */ = {isa = PBXFileReference; lastKnownFileType = text.script.python; path = http11.py; sourceTree = "<group>"; };
		D4A039132E90D9AB0049EE02 /* imports.py */ = {isa = PBXFileReference; lastKnownFileType = text.script.python; path = imports.py; sourceTree = "<group>"; };
		D4A039142E90D9AB0049EE02 /* protocol.py */ = {isa = PBXFileReference; lastKnownFileType = text.script.python; path = protocol.py; sourceTree = "<group>"; };
		D4A039152E90D9AB0049EE02 /* py.typed */ = {isa = PBXFileReference; lastKnownFileType = text; path = py.typed; sourceTree = "<group>"; };
		D4A039162E90D9AB0049EE02 /* server.py */ = {isa = PBXFileReference; lastKnownFileType = text.script.python; path = server.py; sourceTree = "<group>"; };
		D4A039172E90D9AB0049EE02 /* speedups.c */ = {isa = PBXFileReference; lastKnownFileType = sourcecode.c.c; path = speedups.c; sourceTree = "<group>"; };
		D4A039182E90D9AB0049EE02 /* speedups.pyi */ = {isa = PBXFileReference; lastKnownFileType = text; path = speedups.pyi; sourceTree = "<group>"; };
		D4A039192E90D9AB0049EE02 /* speedups.cpython-313-darwin.so */ = {isa = PBXFileReference; lastKnownFileType = "compiled.mach-o.bundle"; path = "speedups.cpython-313-darwin.so"; sourceTree = "<group>"; };
		D4A0391A2E90D9AB0049EE02 /* streams.py */ = {isa = PBXFileReference; lastKnownFileType = text.script.python; path = streams.py; sourceTree = "<group>"; };
		D4A0391B2E90D9AB0049EE02 /* typing.py */ = {isa = PBXFileReference; lastKnownFileType = text.script.python; path = typing.py; sourceTree = "<group>"; };
		D4A0391C2E90D9AB0049EE02 /* uri.py */ = {isa = PBXFileReference; lastKnownFileType = text.script.python; path = uri.py; sourceTree = "<group>"; };
		D4A0391D2E90D9AB0049EE02 /* utils.py */ = {isa = PBXFileReference; lastKnownFileType = text.script.python; path = utils.py; sourceTree = "<group>"; };
		D4A0391E2E90D9AB0049EE02 /* version.py */ = {isa = PBXFileReference; lastKnownFileType = text.script.python; path = version.py; sourceTree = "<group>"; };
		D4A039202E90D9AB0049EE02 /* entry_points.txt */ = {isa = PBXFileReference; lastKnownFileType = text; path = entry_points.txt; sourceTree = "<group>"; };
		D4A039212E90D9AB0049EE02 /* INSTALLER */ = {isa = PBXFileReference; lastKnownFileType = text; path = INSTALLER; sourceTree = "<group>"; };
		D4A039222E90D9AB0049EE02 /* LICENSE */ = {isa = PBXFileReference; lastKnownFileType = text; path = LICENSE; sourceTree = "<group>"; };
		D4A039232E90D9AB0049EE02 /* METADATA */ = {isa = PBXFileReference; lastKnownFileType = text; path = METADATA; sourceTree = "<group>"; };
		D4A039242E90D9AB0049EE02 /* RECORD */ = {isa = PBXFileReference; lastKnownFileType = text; path = RECORD; sourceTree = "<group>"; };
		D4A039252E90D9AB0049EE02 /* top_level.txt */ = {isa = PBXFileReference; lastKnownFileType = text; path = top_level.txt; sourceTree = "<group>"; };
		D4A039262E90D9AB0049EE02 /* WHEEL */ = {isa = PBXFileReference; lastKnownFileType = text; path = WHEEL; sourceTree = "<group>"; };
		D4A7739D2E76936700747100 /* Contextify.app */ = {isa = PBXFileReference; explicitFileType = wrapper.application; includeInIndex = 0; path = Contextify.app; sourceTree = BUILT_PRODUCTS_DIR; };
		D4A773AA2E76936800747100 /* ContextifyTests.xctest */ = {isa = PBXFileReference; explicitFileType = wrapper.cfbundle; includeInIndex = 0; path = ContextifyTests.xctest; sourceTree = BUILT_PRODUCTS_DIR; };
		D4A773B42E76936800747100 /* ContextifyUITests.xctest */ = {isa = PBXFileReference; explicitFileType = wrapper.cfbundle; includeInIndex = 0; path = ContextifyUITests.xctest; sourceTree = BUILT_PRODUCTS_DIR; };
		D4D14A0E2E9B7BA0004EC334 /* icon-composer-project.icon */ = {isa = PBXFileReference; lastKnownFileType = folder.iconcomposer.icon; path = "icon-composer-project.icon"; sourceTree = "<group>"; };
		D4D887792E90D85E008F8118 /* Python */ = {isa = PBXFileReference; lastKnownFileType = folder; name = Python; path = ../Resources/Python; sourceTree = "<group>"; };
		D4D8877B2E90D882008F8118 /* iterm2_reader.py */ = {isa = PBXFileReference; lastKnownFileType = text.script.python; name = iterm2_reader.py; path = ../scripts/iterm2_reader.py; sourceTree = "<group>"; };
		D4D8877E2E90D884008F811A /* iterm2_daemon.py */ = {isa = PBXFileReference; lastKnownFileType = text.script.python; name = iterm2_daemon.py; path = ../scripts/iterm2_daemon.py; sourceTree = "<group>"; };
/* End PBXFileReference section */

/* Begin PBXFileSystemSynchronizedRootGroup section */
		D4A7739F2E76936700747100 /* Contextify */ = {
			isa = PBXFileSystemSynchronizedRootGroup;
			path = Contextify;
			sourceTree = "<group>";
		};
		D4A773AD2E76936800747100 /* ContextifyTests */ = {
			isa = PBXFileSystemSynchronizedRootGroup;
			path = ContextifyTests;
			sourceTree = "<group>";
		};
		D4A773B72E76936800747100 /* ContextifyUITests */ = {
			isa = PBXFileSystemSynchronizedRootGroup;
			path = ContextifyUITests;
			sourceTree = "<group>";
		};
/* End PBXFileSystemSynchronizedRootGroup section */

/* Begin PBXFrameworksBuildPhase section */
		D4A7739A2E76936700747100 /* Frameworks */ = {
			isa = PBXFrameworksBuildPhase;
			buildActionMask = 2147483647;
			files = (
				D4C0A0082E77AAAA00747100 /* ContextifyCore in Frameworks */,
			);
			runOnlyForDeploymentPostprocessing = 0;
		};
		D4A773A72E76936800747100 /* Frameworks */ = {
			isa = PBXFrameworksBuildPhase;
			buildActionMask = 2147483647;
			files = (
				D4C0A0092E77AAAA00747100 /* ContextifyCore in Frameworks */,
			);
			runOnlyForDeploymentPostprocessing = 0;
		};
		D4A773B12E76936800747100 /* Frameworks */ = {
			isa = PBXFrameworksBuildPhase;
			buildActionMask = 2147483647;
			files = (
			);
			runOnlyForDeploymentPostprocessing = 0;
		};
/* End PBXFrameworksBuildPhase section */

/* Begin PBXGroup section */
		D4A037DF2E90D9AB0049EE02 /* bin */ = {
			isa = PBXGroup;
			children = (
				D4A037DE2E90D9AB0049EE02 /* websockets */,
			);
			path = bin;
			sourceTree = "<group>";
		};
		D4A037E12E90D9AB0049EE02 /* _upb */ = {
			isa = PBXGroup;
			children = (
				D4A037E02E90D9AB0049EE02 /* _message.abi3.so */,
			);
			path = _upb;
			sourceTree = "<group>";
		};
		D4A038022E90D9AB0049EE02 /* __pycache__ */ = {
			isa = PBXGroup;
			children = (
				D4A037E22E90D9AB0049EE02 /* __init__.cpython-313.pyc */,
				D4A037E32E90D9AB0049EE02 /* any_pb2.cpython-313.pyc */,
				D4A037E42E90D9AB0049EE02 /* any.cpython-313.pyc */,
				D4A037E52E90D9AB0049EE02 /* api_pb2.cpython-313.pyc */,
				D4A037E62E90D9AB0049EE02 /* descriptor_database.cpython-313.pyc */,
				D4A037E72E90D9AB0049EE02 /* descriptor_pb2.cpython-313.pyc */,
				D4A037E82E90D9AB0049EE02 /* descriptor_pool.cpython-313.pyc */,
				D4A037E92E90D9AB0049EE02 /* descriptor.cpython-313.pyc */,
				D4A037EA2E90D9AB0049EE02 /* duration_pb2.cpython-313.pyc */,
				D4A037EB2E90D9AB0049EE02 /* duration.cpython-313.pyc */,
				D4A037EC2E90D9AB0049EE02 /* empty_pb2.cpython-313.pyc */,
				D4A037ED2E90D9AB0049EE02 /* field_mask_pb2.cpython-313.pyc */,
				D4A037EE2E90D9AB0049EE02 /* json_format.cpython-313.pyc */,
				D4A037EF2E90D9AB0049EE02 /* message_factory.cpython-313.pyc */,
				D4A037F02E90D9AB0049EE02 /* message.cpython-313.pyc */,
				D4A037F12E90D9AB0049EE02 /* proto_builder.cpython-313.pyc */,
				D4A037F22E90D9AB0049EE02 /* proto_json.cpython-313.pyc */,
				D4A037F32E90D9AB0049EE02 /* proto_text.cpython-313.pyc */,
				D4A037F42E90D9AB0049EE02 /* proto.cpython-313.pyc */,
				D4A037F52E90D9AB0049EE02 /* reflection.cpython-313.pyc */,
				D4A037F62E90D9AB0049EE02 /* runtime_version.cpython-313.pyc */,
				D4A037F72E90D9AB0049EE02 /* service_reflection.cpython-313.pyc */,
				D4A037F82E90D9AB0049EE02 /* source_context_pb2.cpython-313.pyc */,
				D4A037F92E90D9AB0049EE02 /* struct_pb2.cpython-313.pyc */,
				D4A037FA2E90D9AB0049EE02 /* symbol_database.cpython-313.pyc */,
				D4A037FB2E90D9AB0049EE02 /* text_encoding.cpython-313.pyc */,
				D4A037FC2E90D9AB0049EE02 /* text_format.cpython-313.pyc */,
				D4A037FD2E90D9AB0049EE02 /* timestamp_pb2.cpython-313.pyc */,
				D4A037FE2E90D9AB0049EE02 /* timestamp.cpython-313.pyc */,
				D4A037FF2E90D9AB0049EE02 /* type_pb2.cpython-313.pyc */,
				D4A038002E90D9AB0049EE02 /* unknown_fields.cpython-313.pyc */,
				D4A038012E90D9AB0049EE02 /* wrappers_pb2.cpython-313.pyc */,
			);
			path = __pycache__;
			sourceTree = "<group>";
		};
		D4A038052E90D9AB0049EE02 /* __pycache__ */ = {
			isa = PBXGroup;
			children = (
				D4A038032E90D9AB0049EE02 /* __init__.cpython-313.pyc */,
				D4A038042E90D9AB0049EE02 /* plugin_pb2.cpython-313.pyc */,
			);
			path = __pycache__;
			sourceTree = "<group>";
		};
		D4A038082E90D9AB0049EE02 /* compiler */ = {
			isa = PBXGroup;
			children = (
				D4A038052E90D9AB0049EE02 /* __pycache__ */,
				D4A038062E90D9AB0049EE02 /* __init__.py */,
				D4A038072E90D9AB0049EE02 /* plugin_pb2.py */,
			);
			path = compiler;
			sourceTree = "<group>";
		};
		D4A038192E90D9AB0049EE02 /* __pycache__ */ = {
			isa = PBXGroup;
			children = (
				D4A038092E90D9AB0049EE02 /* __init__.cpython-313.pyc */,
				D4A0380A2E90D9AB0049EE02 /* api_implementation.cpython-313.pyc */,
				D4A0380B2E90D9AB0049EE02 /* builder.cpython-313.pyc */,
				D4A0380C2E90D9AB0049EE02 /* containers.cpython-313.pyc */,
				D4A0380D2E90D9AB0049EE02 /* decoder.cpython-313.pyc */,
				D4A0380E2E90D9AB0049EE02 /* encoder.cpython-313.pyc */,
				D4A0380F2E90D9AB0049EE02 /* enum_type_wrapper.cpython-313.pyc */,
				D4A038102E90D9AB0049EE02 /* extension_dict.cpython-313.pyc */,
				D4A038112E90D9AB0049EE02 /* field_mask.cpython-313.pyc */,
				D4A038122E90D9AB0049EE02 /* message_listener.cpython-313.pyc */,
				D4A038132E90D9AB0049EE02 /* python_edition_defaults.cpython-313.pyc */,
				D4A038142E90D9AB0049EE02 /* python_message.cpython-313.pyc */,
				D4A038152E90D9AB0049EE02 /* testing_refleaks.cpython-313.pyc */,
				D4A038162E90D9AB0049EE02 /* type_checkers.cpython-313.pyc */,
				D4A038172E90D9AB0049EE02 /* well_known_types.cpython-313.pyc */,
				D4A038182E90D9AB0049EE02 /* wire_format.cpython-313.pyc */,
			);
			path = __pycache__;
			sourceTree = "<group>";
		};
		D4A0382A2E90D9AB0049EE02 /* internal */ = {
			isa = PBXGroup;
			children = (
				D4A038192E90D9AB0049EE02 /* __pycache__ */,
				D4A0381A2E90D9AB0049EE02 /* __init__.py */,
				D4A0381B2E90D9AB0049EE02 /* api_implementation.py */,
				D4A0381C2E90D9AB0049EE02 /* builder.py */,
				D4A0381D2E90D9AB0049EE02 /* containers.py */,
				D4A0381E2E90D9AB0049EE02 /* decoder.py */,
				D4A0381F2E90D9AB0049EE02 /* encoder.py */,
				D4A038202E90D9AB0049EE02 /* enum_type_wrapper.py */,
				D4A038212E90D9AB0049EE02 /* extension_dict.py */,
				D4A038222E90D9AB0049EE02 /* field_mask.py */,
				D4A038232E90D9AB0049EE02 /* message_listener.py */,
				D4A038242E90D9AB0049EE02 /* python_edition_defaults.py */,
				D4A038252E90D9AB0049EE02 /* python_message.py */,
				D4A038262E90D9AB0049EE02 /* testing_refleaks.py */,
				D4A038272E90D9AB0049EE02 /* type_checkers.py */,
				D4A038282E90D9AB0049EE02 /* well_known_types.py */,
				D4A038292E90D9AB0049EE02 /* wire_format.py */,
			);
			path = internal;
			sourceTree = "<group>";
		};
		D4A0382D2E90D9AB0049EE02 /* __pycache__ */ = {
			isa = PBXGroup;
			children = (
				D4A0382B2E90D9AB0049EE02 /* __init__.cpython-313.pyc */,
				D4A0382C2E90D9AB0049EE02 /* cpp_message.cpython-313.pyc */,
			);
			path = __pycache__;
			sourceTree = "<group>";
		};
		D4A038302E90D9AB0049EE02 /* pyext */ = {
			isa = PBXGroup;
			children = (
				D4A0382D2E90D9AB0049EE02 /* __pycache__ */,
				D4A0382E2E90D9AB0049EE02 /* __init__.py */,
				D4A0382F2E90D9AB0049EE02 /* cpp_message.py */,
			);
			path = pyext;
			sourceTree = "<group>";
		};
		D4A038322E90D9AB0049EE02 /* __pycache__ */ = {
			isa = PBXGroup;
			children = (
				D4A038312E90D9AB0049EE02 /* __init__.cpython-313.pyc */,
			);
			path = __pycache__;
			sourceTree = "<group>";
		};
		D4A038342E90D9AB0049EE02 /* testdata */ = {
			isa = PBXGroup;
			children = (
				D4A038322E90D9AB0049EE02 /* __pycache__ */,
				D4A038332E90D9AB0049EE02 /* __init__.py */,
			);
			path = testdata;
			sourceTree = "<group>";
		};
		D4A038362E90D9AB0049EE02 /* __pycache__ */ = {
			isa = PBXGroup;
			children = (
				D4A038352E90D9AB0049EE02 /* __init__.cpython-313.pyc */,
			);
			path = __pycache__;
			sourceTree = "<group>";
		};
		D4A038382E90D9AB0049EE02 /* util */ = {
			isa = PBXGroup;
			children = (
				D4A038362E90D9AB0049EE02 /* __pycache__ */,
				D4A038372E90D9AB0049EE02 /* __init__.py */,
			);
			path = util;
			sourceTree = "<group>";
		};
		D4A038592E90D9AB0049EE02 /* protobuf */ = {
			isa = PBXGroup;
			children = (
				D4A038022E90D9AB0049EE02 /* __pycache__ */,
				D4A038082E90D9AB0049EE02 /* compiler */,
				D4A0382A2E90D9AB0049EE02 /* internal */,
				D4A038302E90D9AB0049EE02 /* pyext */,
				D4A038342E90D9AB0049EE02 /* testdata */,
				D4A038382E90D9AB0049EE02 /* util */,
				D4A038392E90D9AB0049EE02 /* __init__.py */,
				D4A0383A2E90D9AB0049EE02 /* any.py */,
				D4A0383B2E90D9AB0049EE02 /* any_pb2.py */,
				D4A0383C2E90D9AB0049EE02 /* api_pb2.py */,
				D4A0383D2E90D9AB0049EE02 /* descriptor.py */,
				D4A0383E2E90D9AB0049EE02 /* descriptor_database.py */,
				D4A0383F2E90D9AB0049EE02 /* descriptor_pb2.py */,
				D4A038402E90D9AB0049EE02 /* descriptor_pool.py */,
				D4A038412E90D9AB0049EE02 /* duration.py */,
				D4A038422E90D9AB0049EE02 /* duration_pb2.py */,
				D4A038432E90D9AB0049EE02 /* empty_pb2.py */,
				D4A038442E90D9AB0049EE02 /* field_mask_pb2.py */,
				D4A038452E90D9AB0049EE02 /* json_format.py */,
				D4A038462E90D9AB0049EE02 /* message.py */,
				D4A038472E90D9AB0049EE02 /* message_factory.py */,
				D4A038482E90D9AB0049EE02 /* proto.py */,
				D4A038492E90D9AB0049EE02 /* proto_builder.py */,
				D4A0384A2E90D9AB0049EE02 /* proto_json.py */,
				D4A0384B2E90D9AB0049EE02 /* proto_text.py */,
				D4A0384C2E90D9AB0049EE02 /* reflection.py */,
				D4A0384D2E90D9AB0049EE02 /* runtime_version.py */,
				D4A0384E2E90D9AB0049EE02 /* service_reflection.py */,
				D4A0384F2E90D9AB0049EE02 /* source_context_pb2.py */,
				D4A038502E90D9AB0049EE02 /* struct_pb2.py */,
				D4A038512E90D9AB0049EE02 /* symbol_database.py */,
				D4A038522E90D9AB0049EE02 /* text_encoding.py */,
				D4A038532E90D9AB0049EE02 /* text_format.py */,
				D4A038542E90D9AB0049EE02 /* timestamp.py */,
				D4A038552E90D9AB0049EE02 /* timestamp_pb2.py */,
				D4A038562E90D9AB0049EE02 /* type_pb2.py */,
				D4A038572E90D9AB0049EE02 /* unknown_fields.py */,
				D4A038582E90D9AB0049EE02 /* wrappers_pb2.py */,
			);
			path = protobuf;
			sourceTree = "<group>";
		};
		D4A0385A2E90D9AB0049EE02 /* google */ = {
			isa = PBXGroup;
			children = (
				D4A037E12E90D9AB0049EE02 /* _upb */,
				D4A038592E90D9AB0049EE02 /* protobuf */,
			);
			path = google;
			sourceTree = "<group>";
		};
		D4A038802E90D9AB0049EE02 /* __pycache__ */ = {
			isa = PBXGroup;
			children = (
				D4A0385B2E90D9AB0049EE02 /* __init__.cpython-313.pyc */,
				D4A0385C2E90D9AB0049EE02 /* _version.cpython-313.pyc */,
				D4A0385D2E90D9AB0049EE02 /* alert.cpython-313.pyc */,
				D4A0385E2E90D9AB0049EE02 /* api_pb2.cpython-313.pyc */,
				D4A0385F2E90D9AB0049EE02 /* app.cpython-313.pyc */,
				D4A038602E90D9AB0049EE02 /* arrangement.cpython-313.pyc */,
				D4A038612E90D9AB0049EE02 /* auth.cpython-313.pyc */,
				D4A038622E90D9AB0049EE02 /* binding.cpython-313.pyc */,
				D4A038632E90D9AB0049EE02 /* broadcast.cpython-313.pyc */,
				D4A038642E90D9AB0049EE02 /* capabilities.cpython-313.pyc */,
				D4A038652E90D9AB0049EE02 /* color.cpython-313.pyc */,
				D4A038662E90D9AB0049EE02 /* colorpresets.cpython-313.pyc */,
				D4A038672E90D9AB0049EE02 /* connection.cpython-313.pyc */,
				D4A038682E90D9AB0049EE02 /* customcontrol.cpython-313.pyc */,
				D4A038692E90D9AB0049EE02 /* filepanel.cpython-313.pyc */,
				D4A0386A2E90D9AB0049EE02 /* focus.cpython-313.pyc */,
				D4A0386B2E90D9AB0049EE02 /* keyboard.cpython-313.pyc */,
				D4A0386C2E90D9AB0049EE02 /* lifecycle.cpython-313.pyc */,
				D4A0386D2E90D9AB0049EE02 /* mainmenu.cpython-313.pyc */,
				D4A0386E2E90D9AB0049EE02 /* notifications.cpython-313.pyc */,
				D4A0386F2E90D9AB0049EE02 /* preferences.cpython-313.pyc */,
				D4A038702E90D9AB0049EE02 /* profile.cpython-313.pyc */,
				D4A038712E90D9AB0049EE02 /* prompt.cpython-313.pyc */,
				D4A038722E90D9AB0049EE02 /* registration.cpython-313.pyc */,
				D4A038732E90D9AB0049EE02 /* rpc.cpython-313.pyc */,
				D4A038742E90D9AB0049EE02 /* screen.cpython-313.pyc */,
				D4A038752E90D9AB0049EE02 /* selection.cpython-313.pyc */,
				D4A038762E90D9AB0049EE02 /* session.cpython-313.pyc */,
				D4A038772E90D9AB0049EE02 /* statusbar.cpython-313.pyc */,
				D4A038782E90D9AB0049EE02 /* tab.cpython-313.pyc */,
				D4A038792E90D9AB0049EE02 /* tmux.cpython-313.pyc */,
				D4A0387A2E90D9AB0049EE02 /* tool.cpython-313.pyc */,
				D4A0387B2E90D9AB0049EE02 /* transaction.cpython-313.pyc */,
				D4A0387C2E90D9AB0049EE02 /* triggers.cpython-313.pyc */,
				D4A0387D2E90D9AB0049EE02 /* util.cpython-313.pyc */,
				D4A0387E2E90D9AB0049EE02 /* variables.cpython-313.pyc */,
				D4A0387F2E90D9AB0049EE02 /* window.cpython-313.pyc */,
			);
			path = __pycache__;
			sourceTree = "<group>";
		};
		D4A038A62E90D9AB0049EE02 /* iterm2 */ = {
			isa = PBXGroup;
			children = (
				D4A038802E90D9AB0049EE02 /* __pycache__ */,
				D4A038812E90D9AB0049EE02 /* __init__.py */,
				D4A038822E90D9AB0049EE02 /* _version.py */,
				D4A038832E90D9AB0049EE02 /* alert.py */,
				D4A038842E90D9AB0049EE02 /* api_pb2.py */,
				D4A038852E90D9AB0049EE02 /* app.py */,
				D4A038862E90D9AB0049EE02 /* arrangement.py */,
				D4A038872E90D9AB0049EE02 /* auth.py */,
				D4A038882E90D9AB0049EE02 /* binding.py */,
				D4A038892E90D9AB0049EE02 /* broadcast.py */,
				D4A0388A2E90D9AB0049EE02 /* capabilities.py */,
				D4A0388B2E90D9AB0049EE02 /* color.py */,
				D4A0388C2E90D9AB0049EE02 /* colorpresets.py */,
				D4A0388D2E90D9AB0049EE02 /* connection.py */,
				D4A0388E2E90D9AB0049EE02 /* customcontrol.py */,
				D4A0388F2E90D9AB0049EE02 /* filepanel.py */,
				D4A038902E90D9AB0049EE02 /* focus.py */,
				D4A038912E90D9AB0049EE02 /* keyboard.py */,
				D4A038922E90D9AB0049EE02 /* lifecycle.py */,
				D4A038932E90D9AB0049EE02 /* mainmenu.py */,
				D4A038942E90D9AB0049EE02 /* notifications.py */,
				D4A038952E90D9AB0049EE02 /* preferences.py */,
				D4A038962E90D9AB0049EE02 /* profile.py */,
				D4A038972E90D9AB0049EE02 /* prompt.py */,
				D4A038982E90D9AB0049EE02 /* registration.py */,
				D4A038992E90D9AB0049EE02 /* rpc.py */,
				D4A0389A2E90D9AB0049EE02 /* screen.py */,
				D4A0389B2E90D9AB0049EE02 /* selection.py */,
				D4A0389C2E90D9AB0049EE02 /* session.py */,
				D4A0389D2E90D9AB0049EE02 /* statusbar.py */,
				D4A0389E2E90D9AB0049EE02 /* tab.py */,
				D4A0389F2E90D9AB0049EE02 /* tmux.py */,
				D4A038A02E90D9AB0049EE02 /* tool.py */,
				D4A038A12E90D9AB0049EE02 /* transaction.py */,
				D4A038A22E90D9AB0049EE02 /* triggers.py */,
				D4A038A32E90D9AB0049EE02 /* util.py */,
				D4A038A42E90D9AB0049EE02 /* variables.py */,
				D4A038A52E90D9AB0049EE02 /* window.py */,
			);
			path = iterm2;
			sourceTree = "<group>";
		};
		D4A038AD2E90D9AB0049EE02 /* iterm2-2.10.dist-info */ = {
			isa = PBXGroup;
			children = (
				D4A038A72E90D9AB0049EE02 /* INSTALLER */,
				D4A038A82E90D9AB0049EE02 /* METADATA */,
				D4A038A92E90D9AB0049EE02 /* RECORD */,
				D4A038AA2E90D9AB0049EE02 /* REQUESTED */,
				D4A038AB2E90D9AB0049EE02 /* top_level.txt */,
				D4A038AC2E90D9AB0049EE02 /* WHEEL */,
			);
			path = "iterm2-2.10.dist-info";
			sourceTree = "<group>";
		};
		D4A038B32E90D9AB0049EE02 /* protobuf-6.32.1.dist-info */ = {
			isa = PBXGroup;
			children = (
				D4A038AE2E90D9AB0049EE02 /* INSTALLER */,
				D4A038AF2E90D9AB0049EE02 /* LICENSE */,
				D4A038B02E90D9AB0049EE02 /* METADATA */,
				D4A038B12E90D9AB0049EE02 /* RECORD */,
				D4A038B22E90D9AB0049EE02 /* WHEEL */,
			);
			path = "protobuf-6.32.1.dist-info";
			sourceTree = "<group>";
		};
		D4A038C82E90D9AB0049EE02 /* __pycache__ */ = {
			isa = PBXGroup;
			children = (
				D4A038B42E90D9AB0049EE02 /* __init__.cpython-313.pyc */,
				D4A038B52E90D9AB0049EE02 /* __main__.cpython-313.pyc */,
				D4A038B62E90D9AB0049EE02 /* auth.cpython-313.pyc */,
				D4A038B72E90D9AB0049EE02 /* cli.cpython-313.pyc */,
				D4A038B82E90D9AB0049EE02 /* client.cpython-313.pyc */,
				D4A038B92E90D9AB0049EE02 /* connection.cpython-313.pyc */,
				D4A038BA2E90D9AB0049EE02 /* datastructures.cpython-313.pyc */,
				D4A038BB2E90D9AB0049EE02 /* exceptions.cpython-313.pyc */,
				D4A038BC2E90D9AB0049EE02 /* frames.cpython-313.pyc */,
				D4A038BD2E90D9AB0049EE02 /* headers.cpython-313.pyc */,
				D4A038BE2E90D9AB0049EE02 /* http.cpython-313.pyc */,
				D4A038BF2E90D9AB0049EE02 /* http11.cpython-313.pyc */,
				D4A038C02E90D9AB0049EE02 /* imports.cpython-313.pyc */,
				D4A038C12E90D9AB0049EE02 /* protocol.cpython-313.pyc */,
				D4A038C22E90D9AB0049EE02 /* server.cpython-313.pyc */,
				D4A038C32E90D9AB0049EE02 /* streams.cpython-313.pyc */,
				D4A038C42E90D9AB0049EE02 /* typing.cpython-313.pyc */,
				D4A038C52E90D9AB0049EE02 /* uri.cpython-313.pyc */,
				D4A038C62E90D9AB0049EE02 /* utils.cpython-313.pyc */,
				D4A038C72E90D9AB0049EE02 /* version.cpython-313.pyc */,
			);
			path = __pycache__;
			sourceTree = "<group>";
		};
		D4A038D12E90D9AB0049EE02 /* __pycache__ */ = {
			isa = PBXGroup;
			children = (
				D4A038C92E90D9AB0049EE02 /* __init__.cpython-313.pyc */,
				D4A038CA2E90D9AB0049EE02 /* async_timeout.cpython-313.pyc */,
				D4A038CB2E90D9AB0049EE02 /* client.cpython-313.pyc */,
				D4A038CC2E90D9AB0049EE02 /* compatibility.cpython-313.pyc */,
				D4A038CD2E90D9AB0049EE02 /* connection.cpython-313.pyc */,
				D4A038CE2E90D9AB0049EE02 /* messages.cpython-313.pyc */,
				D4A038CF2E90D9AB0049EE02 /* router.cpython-313.pyc */,
				D4A038D02E90D9AB0049EE02 /* server.cpython-313.pyc */,
			);
			path = __pycache__;
			sourceTree = "<group>";
		};
		D4A038DA2E90D9AB0049EE02 /* asyncio */ = {
			isa = PBXGroup;
			children = (
				D4A038D12E90D9AB0049EE02 /* __pycache__ */,
				D4A038D22E90D9AB0049EE02 /* __init__.py */,
				D4A038D32E90D9AB0049EE02 /* async_timeout.py */,
				D4A038D42E90D9AB0049EE02 /* client.py */,
				D4A038D52E90D9AB0049EE02 /* compatibility.py */,
				D4A038D62E90D9AB0049EE02 /* connection.py */,
				D4A038D72E90D9AB0049EE02 /* messages.py */,
				D4A038D82E90D9AB0049EE02 /* router.py */,
				D4A038D92E90D9AB0049EE02 /* server.py */,
			);
			path = asyncio;
			sourceTree = "<group>";
		};
		D4A038DE2E90D9AB0049EE02 /* __pycache__ */ = {
			isa = PBXGroup;
			children = (
				D4A038DB2E90D9AB0049EE02 /* __init__.cpython-313.pyc */,
				D4A038DC2E90D9AB0049EE02 /* base.cpython-313.pyc */,
				D4A038DD2E90D9AB0049EE02 /* permessage_deflate.cpython-313.pyc */,
			);
			path = __pycache__;
			sourceTree = "<group>";
		};
		D4A038E22E90D9AB0049EE02 /* extensions */ = {
			isa = PBXGroup;
			children = (
				D4A038DE2E90D9AB0049EE02 /* __pycache__ */,
				D4A038DF2E90D9AB0049EE02 /* __init__.py */,
				D4A038E02E90D9AB0049EE02 /* base.py */,
				D4A038E12E90D9AB0049EE02 /* permessage_deflate.py */,
			);
			path = extensions;
			sourceTree = "<group>";
		};
		D4A038EC2E90D9AB0049EE02 /* __pycache__ */ = {
			isa = PBXGroup;
			children = (
				D4A038E32E90D9AB0049EE02 /* __init__.cpython-313.pyc */,
				D4A038E42E90D9AB0049EE02 /* auth.cpython-313.pyc */,
				D4A038E52E90D9AB0049EE02 /* client.cpython-313.pyc */,
				D4A038E62E90D9AB0049EE02 /* exceptions.cpython-313.pyc */,
				D4A038E72E90D9AB0049EE02 /* framing.cpython-313.pyc */,
				D4A038E82E90D9AB0049EE02 /* handshake.cpython-313.pyc */,
				D4A038E92E90D9AB0049EE02 /* http.cpython-313.pyc */,
				D4A038EA2E90D9AB0049EE02 /* protocol.cpython-313.pyc */,
				D4A038EB2E90D9AB0049EE02 /* server.cpython-313.pyc */,
			);
			path = __pycache__;
			sourceTree = "<group>";
		};
		D4A038F62E90D9AB0049EE02 /* legacy */ = {
			isa = PBXGroup;
			children = (
				D4A038EC2E90D9AB0049EE02 /* __pycache__ */,
				D4A038ED2E90D9AB0049EE02 /* __init__.py */,
				D4A038EE2E90D9AB0049EE02 /* auth.py */,
				D4A038EF2E90D9AB0049EE02 /* client.py */,
				D4A038F02E90D9AB0049EE02 /* exceptions.py */,
				D4A038F12E90D9AB0049EE02 /* framing.py */,
				D4A038F22E90D9AB0049EE02 /* handshake.py */,
				D4A038F32E90D9AB0049EE02 /* http.py */,
				D4A038F42E90D9AB0049EE02 /* protocol.py */,
				D4A038F52E90D9AB0049EE02 /* server.py */,
			);
			path = legacy;
			sourceTree = "<group>";
		};
		D4A038FE2E90D9AB0049EE02 /* __pycache__ */ = {
			isa = PBXGroup;
			children = (
				D4A038F72E90D9AB0049EE02 /* __init__.cpython-313.pyc */,
				D4A038F82E90D9AB0049EE02 /* client.cpython-313.pyc */,
				D4A038F92E90D9AB0049EE02 /* connection.cpython-313.pyc */,
				D4A038FA2E90D9AB0049EE02 /* messages.cpython-313.pyc */,
				D4A038FB2E90D9AB0049EE02 /* router.cpython-313.pyc */,
				D4A038FC2E90D9AB0049EE02 /* server.cpython-313.pyc */,
				D4A038FD2E90D9AB0049EE02 /* utils.cpython-313.pyc */,
			);
			path = __pycache__;
			sourceTree = "<group>";
		};
		D4A039062E90D9AB0049EE02 /* sync */ = {
			isa = PBXGroup;
			children = (
				D4A038FE2E90D9AB0049EE02 /* __pycache__ */,
				D4A038FF2E90D9AB0049EE02 /* __init__.py */,
				D4A039002E90D9AB0049EE02 /* client.py */,
				D4A039012E90D9AB0049EE02 /* connection.py */,
				D4A039022E90D9AB0049EE02 /* messages.py */,
				D4A039032E90D9AB0049EE02 /* router.py */,
				D4A039042E90D9AB0049EE02 /* server.py */,
				D4A039052E90D9AB0049EE02 /* utils.py */,
			);
			path = sync;
			sourceTree = "<group>";
		};
		D4A0391F2E90D9AB0049EE02 /* websockets */ = {
			isa = PBXGroup;
			children = (
				D4A038C82E90D9AB0049EE02 /* __pycache__ */,
				D4A038DA2E90D9AB0049EE02 /* asyncio */,
				D4A038E22E90D9AB0049EE02 /* extensions */,
				D4A038F62E90D9AB0049EE02 /* legacy */,
				D4A039062E90D9AB0049EE02 /* sync */,
				D4A039072E90D9AB0049EE02 /* __init__.py */,
				D4A039082E90D9AB0049EE02 /* __main__.py */,
				D4A039092E90D9AB0049EE02 /* auth.py */,
				D4A0390A2E90D9AB0049EE02 /* cli.py */,
				D4A0390B2E90D9AB0049EE02 /* client.py */,
				D4A0390C2E90D9AB0049EE02 /* connection.py */,
				D4A0390D2E90D9AB0049EE02 /* datastructures.py */,
				D4A0390E2E90D9AB0049EE02 /* exceptions.py */,
				D4A0390F2E90D9AB0049EE02 /* frames.py */,
				D4A039102E90D9AB0049EE02 /* headers.py */,
				D4A039112E90D9AB0049EE02 /* http.py */,
				D4A039122E90D9AB0049EE02 /* http11.py */,
				D4A039132E90D9AB0049EE02 /* imports.py */,
				D4A039142E90D9AB0049EE02 /* protocol.py */,
				D4A039152E90D9AB0049EE02 /* py.typed */,
				D4A039162E90D9AB0049EE02 /* server.py */,
				D4A039172E90D9AB0049EE02 /* speedups.c */,
				D4A039182E90D9AB0049EE02 /* speedups.pyi */,
				D4A039192E90D9AB0049EE02 /* speedups.cpython-313-darwin.so */,
				D4A0391A2E90D9AB0049EE02 /* streams.py */,
				D4A0391B2E90D9AB0049EE02 /* typing.py */,
				D4A0391C2E90D9AB0049EE02 /* uri.py */,
				D4A0391D2E90D9AB0049EE02 /* utils.py */,
				D4A0391E2E90D9AB0049EE02 /* version.py */,
			);
			path = websockets;
			sourceTree = "<group>";
		};
		D4A039272E90D9AB0049EE02 /* websockets-15.0.1.dist-info */ = {
			isa = PBXGroup;
			children = (
				D4A039202E90D9AB0049EE02 /* entry_points.txt */,
				D4A039212E90D9AB0049EE02 /* INSTALLER */,
				D4A039222E90D9AB0049EE02 /* LICENSE */,
				D4A039232E90D9AB0049EE02 /* METADATA */,
				D4A039242E90D9AB0049EE02 /* RECORD */,
				D4A039252E90D9AB0049EE02 /* top_level.txt */,
				D4A039262E90D9AB0049EE02 /* WHEEL */,
			);
			path = "websockets-15.0.1.dist-info";
			sourceTree = "<group>";
		};
		D4A039282E90D9AB0049EE02 /* site-packages */ = {
			isa = PBXGroup;
			children = (
				D4A037DF2E90D9AB0049EE02 /* bin */,
				D4A0385A2E90D9AB0049EE02 /* google */,
				D4A038A62E90D9AB0049EE02 /* iterm2 */,
				D4A038AD2E90D9AB0049EE02 /* iterm2-2.10.dist-info */,
				D4A038B32E90D9AB0049EE02 /* protobuf-6.32.1.dist-info */,
				D4A0391F2E90D9AB0049EE02 /* websockets */,
				D4A039272E90D9AB0049EE02 /* websockets-15.0.1.dist-info */,
			);
			path = "site-packages";
			sourceTree = "<group>";
		};
		D4A039292E90D9AB0049EE02 /* python */ = {
			isa = PBXGroup;
			children = (
				D4A039282E90D9AB0049EE02 /* site-packages */,
			);
			path = python;
			sourceTree = "<group>";
		};
		D4A0392A2E90D9AB0049EE02 /* lib */ = {
			isa = PBXGroup;
			children = (
				D4A039292E90D9AB0049EE02 /* python */,
			);
			path = lib;
			sourceTree = "<group>";
		};
		D4A0392B2E90D9AB0049EE02 /* Python */ = {
			isa = PBXGroup;
			children = (
				D4A0392A2E90D9AB0049EE02 /* lib */,
			);
			name = Python;
			path = ../Resources/Python;
			sourceTree = "<group>";
		};
		D4A773942E76936700747100 = {
			isa = PBXGroup;
			children = (
				0236576BB8DF4ECFB6D4519D3DE91D56 /* PythonVenv */,
				DA49BDDF3640459D92526CE7730A5719 /* App Infrastructure */,
				D4A0392B2E90D9AB0049EE02 /* Python */,
				D4D8877B2E90D882008F8118 /* iterm2_reader.py */,
				D4D8877E2E90D884008F811A /* iterm2_daemon.py */,
				D4D887792E90D85E008F8118 /* Python */,
				D4A7739F2E76936700747100 /* Contextify */,
				D4A773AD2E76936800747100 /* ContextifyTests */,
				D4A773B72E76936800747100 /* ContextifyUITests */,
				D4A7739E2E76936700747100 /* Products */,
				D4D14A0E2E9B7BA0004EC334 /* icon-composer-project.icon */,
			);
			sourceTree = "<group>";
		};
		D4A7739E2E76936700747100 /* Products */ = {
			isa = PBXGroup;
			children = (
				D4A7739D2E76936700747100 /* Contextify.app */,
				D4A773AA2E76936800747100 /* ContextifyTests.xctest */,
				D4A773B42E76936800747100 /* ContextifyUITests.xctest */,
			);
			name = Products;
			sourceTree = "<group>";
		};
		DA49BDDF3640459D92526CE7730A5719 /* App Infrastructure */ = {
			isa = PBXGroup;
			children = (
				43584A98AE6A48C8B600354BB4041D2D /* Contextify/LaunchAgentManager.swift */,
				71D15D3226D94598B321C960A30DC387 /* Contextify/ITerm2DaemonClient.swift */,
			);
			name = "App Infrastructure";
			sourceTree = "<group>";
		};
/* End PBXGroup section */

/* Begin PBXNativeTarget section */
		D4A7739C2E76936700747100 /* Contextify */ = {
			isa = PBXNativeTarget;
			buildConfigurationList = D4A773BE2E76936800747100 /* Build configuration list for PBXNativeTarget "Contextify" */;
			buildPhases = (
				D4D887782E90D7EE008F8118 /* CopyFiles */,
				D4A773992E76936700747100 /* Sources */,
				D4A7739A2E76936700747100 /* Frameworks */,
				D4A7739B2E76936700747100 /* Resources */,
			);
			buildRules = (
			);
			dependencies = (
			);
			fileSystemSynchronizedGroups = (
				D4A7739F2E76936700747100 /* Contextify */,
			);
			name = Contextify;
			packageProductDependencies = (
				D4C0A0062E77AAAA00747100 /* ContextifyCore */,
			);
			productName = Contextify;
			productReference = D4A7739D2E76936700747100 /* Contextify.app */;
			productType = "com.apple.product-type.application";
		};
		D4A773A92E76936800747100 /* ContextifyTests */ = {
			isa = PBXNativeTarget;
			buildConfigurationList = D4A773C12E76936800747100 /* Build configuration list for PBXNativeTarget "ContextifyTests" */;
			buildPhases = (
				D4A773A62E76936800747100 /* Sources */,
				D4A773A72E76936800747100 /* Frameworks */,
				D4A773A82E76936800747100 /* Resources */,
			);
			buildRules = (
			);
			dependencies = (
				D4A773AC2E76936800747100 /* PBXTargetDependency */,
			);
			fileSystemSynchronizedGroups = (
				D4A773AD2E76936800747100 /* ContextifyTests */,
			);
			name = ContextifyTests;
			packageProductDependencies = (
				D4C0A0072E77AAAA00747100 /* ContextifyCore */,
			);
			productName = ContextifyTests;
			productReference = D4A773AA2E76936800747100 /* ContextifyTests.xctest */;
			productType = "com.apple.product-type.bundle.unit-test";
		};
		D4A773B32E76936800747100 /* ContextifyUITests */ = {
			isa = PBXNativeTarget;
			buildConfigurationList = D4A773C42E76936800747100 /* Build configuration list for PBXNativeTarget "ContextifyUITests" */;
			buildPhases = (
				D4A773B02E76936800747100 /* Sources */,
				D4A773B12E76936800747100 /* Frameworks */,
				D4A773B22E76936800747100 /* Resources */,
			);
			buildRules = (
			);
			dependencies = (
				D4A773B62E76936800747100 /* PBXTargetDependency */,
			);
			fileSystemSynchronizedGroups = (
				D4A773B72E76936800747100 /* ContextifyUITests */,
			);
			name = ContextifyUITests;
			packageProductDependencies = (
			);
			productName = ContextifyUITests;
			productReference = D4A773B42E76936800747100 /* ContextifyUITests.xctest */;
			productType = "com.apple.product-type.bundle.ui-testing";
		};
/* End PBXNativeTarget section */

/* Begin PBXProject section */
		D4A773952E76936700747100 /* Project object */ = {
			isa = PBXProject;
			attributes = {
				BuildIndependentTargetsInParallel = 1;
				LastSwiftUpdateCheck = 2600;
				LastUpgradeCheck = 2600;
				TargetAttributes = {
					D4A7739C2E76936700747100 = {
						CreatedOnToolsVersion = 26.0;
					};
					D4A773A92E76936800747100 = {
						CreatedOnToolsVersion = 26.0;
						TestTargetID = D4A7739C2E76936700747100;
					};
					D4A773B32E76936800747100 = {
						CreatedOnToolsVersion = 26.0;
						TestTargetID = D4A7739C2E76936700747100;
					};
				};
			};
			buildConfigurationList = D4A773982E76936700747100 /* Build configuration list for PBXProject "Contextify" */;
			developmentRegion = en;
			hasScannedForEncodings = 0;
			knownRegions = (
				en,
				Base,
			);
			mainGroup = D4A773942E76936700747100;
			minimizedProjectReferenceProxies = 1;
			packageReferences = (
				D4C0A0052E77AAAA00747100 /* XCLocalSwiftPackageReference ".." */,
			);
			preferredProjectObjectVersion = 77;
			productRefGroup = D4A7739E2E76936700747100 /* Products */;
			projectDirPath = "";
			projectRoot = "";
			targets = (
				D4A7739C2E76936700747100 /* Contextify */,
				D4A773A92E76936800747100 /* ContextifyTests */,
				D4A773B32E76936800747100 /* ContextifyUITests */,
			);
		};
/* End PBXProject section */

/* Begin PBXResourcesBuildPhase section */
		D4A7739B2E76936700747100 /* Resources */ = {
			isa = PBXResourcesBuildPhase;
			buildActionMask = 2147483647;
			files = (
				D4D14A0F2E9B7BA0004EC334 /* icon-composer-project.icon in Resources */,
			);
			runOnlyForDeploymentPostprocessing = 0;
		};
		D4A773A82E76936800747100 /* Resources */ = {
			isa = PBXResourcesBuildPhase;
			buildActionMask = 2147483647;
			files = (
			);
			runOnlyForDeploymentPostprocessing = 0;
		};
		D4A773B22E76936800747100 /* Resources */ = {
			isa = PBXResourcesBuildPhase;
			buildActionMask = 2147483647;
			files = (
			);
			runOnlyForDeploymentPostprocessing = 0;
		};
/* End PBXResourcesBuildPhase section */

/* Begin PBXSourcesBuildPhase section */
		D4A773992E76936700747100 /* Sources */ = {
			isa = PBXSourcesBuildPhase;
			buildActionMask = 2147483647;
			files = (
			);
			runOnlyForDeploymentPostprocessing = 0;
		};
		D4A773A62E76936800747100 /* Sources */ = {
			isa = PBXSourcesBuildPhase;
			buildActionMask = 2147483647;
			files = (
			);
			runOnlyForDeploymentPostprocessing = 0;
		};
		D4A773B02E76936800747100 /* Sources */ = {
			isa = PBXSourcesBuildPhase;
			buildActionMask = 2147483647;
			files = (
			);
			runOnlyForDeploymentPostprocessing = 0;
		};
/* End PBXSourcesBuildPhase section */

/* Begin PBXTargetDependency section */
		D4A773AC2E76936800747100 /* PBXTargetDependency */ = {
			isa = PBXTargetDependency;
			target = D4A7739C2E76936700747100 /* Contextify */;
			targetProxy = D4A773AB2E76936800747100 /* PBXContainerItemProxy */;
		};
		D4A773B62E76936800747100 /* PBXTargetDependency */ = {
			isa = PBXTargetDependency;
			target = D4A7739C2E76936700747100 /* Contextify */;
			targetProxy = D4A773B52E76936800747100 /* PBXContainerItemProxy */;
		};
/* End PBXTargetDependency section */

/* Begin XCBuildConfiguration section */
		D4A773BC2E76936800747100 /* Debug */ = {
			isa = XCBuildConfiguration;
			buildSettings = {
				ALWAYS_SEARCH_USER_PATHS = NO;
				ASSETCATALOG_COMPILER_GENERATE_SWIFT_ASSET_SYMBOL_EXTENSIONS = YES;
				CLANG_ANALYZER_NONNULL = YES;
				CLANG_ANALYZER_NUMBER_OBJECT_CONVERSION = YES_AGGRESSIVE;
				CLANG_CXX_LANGUAGE_STANDARD = "gnu++20";
				CLANG_ENABLE_MODULES = YES;
				CLANG_ENABLE_OBJC_ARC = YES;
				CLANG_ENABLE_OBJC_WEAK = YES;
				CLANG_WARN_BLOCK_CAPTURE_AUTORELEASING = YES;
				CLANG_WARN_BOOL_CONVERSION = YES;
				CLANG_WARN_COMMA = YES;
				CLANG_WARN_CONSTANT_CONVERSION = YES;
				CLANG_WARN_DEPRECATED_OBJC_IMPLEMENTATIONS = YES;
				CLANG_WARN_DIRECT_OBJC_ISA_USAGE = YES_ERROR;
				CLANG_WARN_DOCUMENTATION_COMMENTS = YES;
				CLANG_WARN_EMPTY_BODY = YES;
				CLANG_WARN_ENUM_CONVERSION = YES;
				CLANG_WARN_INFINITE_RECURSION = YES;
				CLANG_WARN_INT_CONVERSION = YES;
				CLANG_WARN_NON_LITERAL_NULL_CONVERSION = YES;
				CLANG_WARN_OBJC_IMPLICIT_RETAIN_SELF = YES;
				CLANG_WARN_OBJC_LITERAL_CONVERSION = YES;
				CLANG_WARN_OBJC_ROOT_CLASS = YES_ERROR;
				CLANG_WARN_QUOTED_INCLUDE_IN_FRAMEWORK_HEADER = YES;
				CLANG_WARN_RANGE_LOOP_ANALYSIS = YES;
				CLANG_WARN_STRICT_PROTOTYPES = YES;
				CLANG_WARN_SUSPICIOUS_MOVE = YES;
				CLANG_WARN_UNGUARDED_AVAILABILITY = YES_AGGRESSIVE;
				CLANG_WARN_UNREACHABLE_CODE = YES;
				CLANG_WARN__DUPLICATE_METHOD_MATCH = YES;
				COPY_PHASE_STRIP = NO;
				DEBUG_INFORMATION_FORMAT = dwarf;
				DEVELOPMENT_TEAM = J8P5B23FK7;
				ENABLE_STRICT_OBJC_MSGSEND = YES;
				ENABLE_TESTABILITY = YES;
				ENABLE_USER_SCRIPT_SANDBOXING = YES;
				GCC_C_LANGUAGE_STANDARD = gnu17;
				GCC_DYNAMIC_NO_PIC = NO;
				GCC_NO_COMMON_BLOCKS = YES;
				GCC_OPTIMIZATION_LEVEL = 0;
				GCC_PREPROCESSOR_DEFINITIONS = (
					"DEBUG=1",
					"$(inherited)",
				);
				GCC_WARN_64_TO_32_BIT_CONVERSION = YES;
				GCC_WARN_ABOUT_RETURN_TYPE = YES_ERROR;
				GCC_WARN_UNDECLARED_SELECTOR = YES;
				GCC_WARN_UNINITIALIZED_AUTOS = YES_AGGRESSIVE;
				GCC_WARN_UNUSED_FUNCTION = YES;
				GCC_WARN_UNUSED_VARIABLE = YES;
				LOCALIZATION_PREFERS_STRING_CATALOGS = YES;
				MACOSX_DEPLOYMENT_TARGET = 15.6;
				MTL_ENABLE_DEBUG_INFO = INCLUDE_SOURCE;
				MTL_FAST_MATH = YES;
				ONLY_ACTIVE_ARCH = YES;
				SDKROOT = macosx;
				SWIFT_ACTIVE_COMPILATION_CONDITIONS = "DEBUG $(inherited)";
				SWIFT_OPTIMIZATION_LEVEL = "-Onone";
			};
			name = Debug;
		};
		D4A773BD2E76936800747100 /* Release */ = {
			isa = XCBuildConfiguration;
			buildSettings = {
				ALWAYS_SEARCH_USER_PATHS = NO;
				ASSETCATALOG_COMPILER_GENERATE_SWIFT_ASSET_SYMBOL_EXTENSIONS = YES;
				CLANG_ANALYZER_NONNULL = YES;
				CLANG_ANALYZER_NUMBER_OBJECT_CONVERSION = YES_AGGRESSIVE;
				CLANG_CXX_LANGUAGE_STANDARD = "gnu++20";
				CLANG_ENABLE_MODULES = YES;
				CLANG_ENABLE_OBJC_ARC = YES;
				CLANG_ENABLE_OBJC_WEAK = YES;
				CLANG_WARN_BLOCK_CAPTURE_AUTORELEASING = YES;
				CLANG_WARN_BOOL_CONVERSION = YES;
				CLANG_WARN_COMMA = YES;
				CLANG_WARN_CONSTANT_CONVERSION = YES;
				CLANG_WARN_DEPRECATED_OBJC_IMPLEMENTATIONS = YES;
				CLANG_WARN_DIRECT_OBJC_ISA_USAGE = YES_ERROR;
				CLANG_WARN_DOCUMENTATION_COMMENTS = YES;
				CLANG_WARN_EMPTY_BODY = YES;
				CLANG_WARN_ENUM_CONVERSION = YES;
				CLANG_WARN_INFINITE_RECURSION = YES;
				CLANG_WARN_INT_CONVERSION = YES;
				CLANG_WARN_NON_LITERAL_NULL_CONVERSION = YES;
				CLANG_WARN_OBJC_IMPLICIT_RETAIN_SELF = YES;
				CLANG_WARN_OBJC_LITERAL_CONVERSION = YES;
				CLANG_WARN_OBJC_ROOT_CLASS = YES_ERROR;
				CLANG_WARN_QUOTED_INCLUDE_IN_FRAMEWORK_HEADER = YES;
				CLANG_WARN_RANGE_LOOP_ANALYSIS = YES;
				CLANG_WARN_STRICT_PROTOTYPES = YES;
				CLANG_WARN_SUSPICIOUS_MOVE = YES;
				CLANG_WARN_UNGUARDED_AVAILABILITY = YES_AGGRESSIVE;
				CLANG_WARN_UNREACHABLE_CODE = YES;
				CLANG_WARN__DUPLICATE_METHOD_MATCH = YES;
				COPY_PHASE_STRIP = NO;
				DEBUG_INFORMATION_FORMAT = "dwarf-with-dsym";
				DEVELOPMENT_TEAM = J8P5B23FK7;
				ENABLE_NS_ASSERTIONS = NO;
				ENABLE_STRICT_OBJC_MSGSEND = YES;
				ENABLE_USER_SCRIPT_SANDBOXING = YES;
				GCC_C_LANGUAGE_STANDARD = gnu17;
				GCC_NO_COMMON_BLOCKS = YES;
				GCC_WARN_64_TO_32_BIT_CONVERSION = YES;
				GCC_WARN_ABOUT_RETURN_TYPE = YES_ERROR;
				GCC_WARN_UNDECLARED_SELECTOR = YES;
				GCC_WARN_UNINITIALIZED_AUTOS = YES_AGGRESSIVE;
				GCC_WARN_UNUSED_FUNCTION = YES;
				GCC_WARN_UNUSED_VARIABLE = YES;
				LOCALIZATION_PREFERS_STRING_CATALOGS = YES;
				MACOSX_DEPLOYMENT_TARGET = 15.6;
				MTL_ENABLE_DEBUG_INFO = NO;
				MTL_FAST_MATH = YES;
				SDKROOT = macosx;
				SWIFT_COMPILATION_MODE = wholemodule;
			};
			name = Release;
		};
		D4A773BF2E76936800747100 /* Debug */ = {
			isa = XCBuildConfiguration;
			buildSettings = {
				ASSETCATALOG_COMPILER_APPICON_NAME = "icon-composer-project";
				ASSETCATALOG_COMPILER_GLOBAL_ACCENT_COLOR_NAME = AccentColor;
				ASSETCATALOG_COMPILER_INCLUDE_ALL_APPICON_ASSETS = YES;
				CODE_SIGN_ENTITLEMENTS = Contextify.entitlements;
				CODE_SIGN_STYLE = Automatic;
				COMBINE_HIDPI_IMAGES = YES;
				CURRENT_PROJECT_VERSION = 1;
				DEFINES_MODULE = YES;
				DEVELOPMENT_TEAM = J8P5B23FK7;
				ENABLE_APP_SANDBOX = NO;
				ENABLE_HARDENED_RUNTIME = YES;
				ENABLE_PREVIEWS = YES;
				ENABLE_USER_SELECTED_FILES = readwrite;
				GENERATE_INFOPLIST_FILE = NO;
				INFOPLIST_FILE = "Info-Debug.plist";
				INFOPLIST_KEY_NSHumanReadableCopyright = "";
				LD_RUNPATH_SEARCH_PATHS = (
					"$(inherited)",
					"@executable_path/../Frameworks",
				);
				MARKETING_VERSION = 1.0;
				PRODUCT_BUNDLE_IDENTIFIER = PeterPym.Contextify.Debug;
				PRODUCT_NAME = "$(TARGET_NAME)";
				REGISTER_APP_GROUPS = YES;
				STRING_CATALOG_GENERATE_SYMBOLS = YES;
				SUPPORTED_PLATFORMS = macosx;
				SWIFT_APPROACHABLE_CONCURRENCY = YES;
				SWIFT_DEFAULT_ACTOR_ISOLATION = MainActor;
				SWIFT_EMIT_LOC_STRINGS = YES;
				SWIFT_UPCOMING_FEATURE_MEMBER_IMPORT_VISIBILITY = YES;
				SWIFT_VERSION = 6.0;
			};
			name = Debug;
		};
		D4A773C02E76936800747100 /* Release */ = {
			isa = XCBuildConfiguration;
			buildSettings = {
				ASSETCATALOG_COMPILER_APPICON_NAME = "icon-composer-project";
				ASSETCATALOG_COMPILER_GLOBAL_ACCENT_COLOR_NAME = AccentColor;
				ASSETCATALOG_COMPILER_INCLUDE_ALL_APPICON_ASSETS = YES;
				CODE_SIGN_ENTITLEMENTS = Contextify.entitlements;
				CODE_SIGN_STYLE = Automatic;
				COMBINE_HIDPI_IMAGES = YES;
				CURRENT_PROJECT_VERSION = 1;
				DEFINES_MODULE = YES;
				DEVELOPMENT_TEAM = J8P5B23FK7;
				ENABLE_APP_SANDBOX = NO;
				ENABLE_HARDENED_RUNTIME = YES;
				ENABLE_PREVIEWS = YES;
				ENABLE_USER_SELECTED_FILES = readwrite;
				GENERATE_INFOPLIST_FILE = NO;
				INFOPLIST_FILE = Info.plist;
				INFOPLIST_KEY_NSAppleEventsUsageDescription = "Contextify needs permission to control iTerm2 in order to send your composed text.";
				INFOPLIST_KEY_NSHumanReadableCopyright = "";
				LD_RUNPATH_SEARCH_PATHS = (
					"$(inherited)",
					"@executable_path/../Frameworks",
				);
				MARKETING_VERSION = 1.0;
				PRODUCT_BUNDLE_IDENTIFIER = PeterPym.Contextify;
				PRODUCT_NAME = "$(TARGET_NAME)";
				REGISTER_APP_GROUPS = YES;
				STRING_CATALOG_GENERATE_SYMBOLS = YES;
				SUPPORTED_PLATFORMS = macosx;
				SWIFT_APPROACHABLE_CONCURRENCY = YES;
				SWIFT_DEFAULT_ACTOR_ISOLATION = MainActor;
				SWIFT_EMIT_LOC_STRINGS = YES;
				SWIFT_UPCOMING_FEATURE_MEMBER_IMPORT_VISIBILITY = YES;
				SWIFT_VERSION = 6.0;
			};
			name = Release;
		};
		D4A773C22E76936800747100 /* Debug */ = {
			isa = XCBuildConfiguration;
			buildSettings = {
				CODE_SIGN_STYLE = Automatic;
				CURRENT_PROJECT_VERSION = 1;
				DEVELOPMENT_TEAM = J8P5B23FK7;
				GENERATE_INFOPLIST_FILE = YES;
				INFOPLIST_FILE = Info.plist;
				MACOSX_DEPLOYMENT_TARGET = 15.6;
				MARKETING_VERSION = 1.0;
				PRODUCT_BUNDLE_IDENTIFIER = PeterPym.ContextifyTests;
				PRODUCT_NAME = "$(TARGET_NAME)";
				STRING_CATALOG_GENERATE_SYMBOLS = NO;
				SUPPORTED_PLATFORMS = macosx;
				SWIFT_APPROACHABLE_CONCURRENCY = YES;
				SWIFT_EMIT_LOC_STRINGS = NO;
				SWIFT_UPCOMING_FEATURE_MEMBER_IMPORT_VISIBILITY = YES;
				SWIFT_VERSION = 6.0;
			};
			name = Debug;
		};
		D4A773C32E76936800747100 /* Release */ = {
			isa = XCBuildConfiguration;
			buildSettings = {
				CODE_SIGN_STYLE = Automatic;
				CURRENT_PROJECT_VERSION = 1;
				DEVELOPMENT_TEAM = J8P5B23FK7;
				GENERATE_INFOPLIST_FILE = YES;
				MACOSX_DEPLOYMENT_TARGET = 15.6;
				MARKETING_VERSION = 1.0;
				PRODUCT_BUNDLE_IDENTIFIER = PeterPym.ContextifyTests;
				PRODUCT_NAME = "$(TARGET_NAME)";
				STRING_CATALOG_GENERATE_SYMBOLS = NO;
				SUPPORTED_PLATFORMS = macosx;
				SWIFT_APPROACHABLE_CONCURRENCY = YES;
				SWIFT_EMIT_LOC_STRINGS = NO;
				SWIFT_UPCOMING_FEATURE_MEMBER_IMPORT_VISIBILITY = YES;
				SWIFT_VERSION = 6.0;
			};
			name = Release;
		};
		D4A773C52E76936800747100 /* Debug */ = {
			isa = XCBuildConfiguration;
			buildSettings = {
				CODE_SIGN_STYLE = Automatic;
				CURRENT_PROJECT_VERSION = 1;
				DEVELOPMENT_TEAM = J8P5B23FK7;
				GENERATE_INFOPLIST_FILE = YES;
				MARKETING_VERSION = 1.0;
				PRODUCT_BUNDLE_IDENTIFIER = PeterPym.ContextifyUITests;
				PRODUCT_NAME = "$(TARGET_NAME)";
				STRING_CATALOG_GENERATE_SYMBOLS = NO;
				SUPPORTED_PLATFORMS = macosx;
				SWIFT_APPROACHABLE_CONCURRENCY = YES;
				SWIFT_EMIT_LOC_STRINGS = NO;
				SWIFT_UPCOMING_FEATURE_MEMBER_IMPORT_VISIBILITY = YES;
				SWIFT_VERSION = 6.0;
				TEST_TARGET_NAME = Contextify;
			};
			name = Debug;
		};
		D4A773C62E76936800747100 /* Release */ = {
			isa = XCBuildConfiguration;
			buildSettings = {
				CODE_SIGN_STYLE = Automatic;
				CURRENT_PROJECT_VERSION = 1;
				DEVELOPMENT_TEAM = J8P5B23FK7;
				GENERATE_INFOPLIST_FILE = YES;
				MARKETING_VERSION = 1.0;
				PRODUCT_BUNDLE_IDENTIFIER = PeterPym.ContextifyUITests;
				PRODUCT_NAME = "$(TARGET_NAME)";
				STRING_CATALOG_GENERATE_SYMBOLS = NO;
				SUPPORTED_PLATFORMS = macosx;
				SWIFT_APPROACHABLE_CONCURRENCY = YES;
				SWIFT_EMIT_LOC_STRINGS = NO;
				SWIFT_UPCOMING_FEATURE_MEMBER_IMPORT_VISIBILITY = YES;
				SWIFT_VERSION = 6.0;
				TEST_TARGET_NAME = Contextify;
			};
			name = Release;
		};
/* End XCBuildConfiguration section */

/* Begin XCConfigurationList section */
		D4A773982E76936700747100 /* Build configuration list for PBXProject "Contextify" */ = {
			isa = XCConfigurationList;
			buildConfigurations = (
				D4A773BC2E76936800747100 /* Debug */,
				D4A773BD2E76936800747100 /* Release */,
			);
			defaultConfigurationIsVisible = 0;
			defaultConfigurationName = Release;
		};
		D4A773BE2E76936800747100 /* Build configuration list for PBXNativeTarget "Contextify" */ = {
			isa = XCConfigurationList;
			buildConfigurations = (
				D4A773BF2E76936800747100 /* Debug */,
				D4A773C02E76936800747100 /* Release */,
			);
			defaultConfigurationIsVisible = 0;
			defaultConfigurationName = Release;
		};
		D4A773C12E76936800747100 /* Build configuration list for PBXNativeTarget "ContextifyTests" */ = {
			isa = XCConfigurationList;
			buildConfigurations = (
				D4A773C22E76936800747100 /* Debug */,
				D4A773C32E76936800747100 /* Release */,
			);
			defaultConfigurationIsVisible = 0;
			defaultConfigurationName = Release;
		};
		D4A773C42E76936800747100 /* Build configuration list for PBXNativeTarget "ContextifyUITests" */ = {
			isa = XCConfigurationList;
			buildConfigurations = (
				D4A773C52E76936800747100 /* Debug */,
				D4A773C62E76936800747100 /* Release */,
			);
			defaultConfigurationIsVisible = 0;
			defaultConfigurationName = Release;
		};
/* End XCConfigurationList section */

/* Begin XCLocalSwiftPackageReference section */
		D4C0A0052E77AAAA00747100 /* XCLocalSwiftPackageReference ".." */ = {
			isa = XCLocalSwiftPackageReference;
			relativePath = ..;
		};
/* End XCLocalSwiftPackageReference section */

/* Begin XCSwiftPackageProductDependency section */
		D4C0A0062E77AAAA00747100 /* ContextifyCore */ = {
			isa = XCSwiftPackageProductDependency;
			package = D4C0A0052E77AAAA00747100 /* XCLocalSwiftPackageReference ".." */;
			productName = ContextifyCore;
		};
		D4C0A0072E77AAAA00747100 /* ContextifyCore */ = {
			isa = XCSwiftPackageProductDependency;
			package = D4C0A0052E77AAAA00747100 /* XCLocalSwiftPackageReference ".." */;
			productName = ContextifyCore;
		};
/* End XCSwiftPackageProductDependency section */
	};
	rootObject = D4A773952E76936700747100 /* Project object */;
}
