// !$*UTF8*$!
{
	archiveVersion = 1;
	classes = {
	};
	objectVersion = 77;
	objects = {

/* Begin PBXBuildFile section */
			D4APPSTORE00000000000001 /* ContextifyCore in Frameworks */ = {isa = PBXBuildFile; productRef = D4APPSTORE00000000000010 /* ContextifyCore */; };
			D4APPSTORE00000000000002 /* icon-composer-project.icon in Resources */ = {isa = PBXBuildFile; fileRef = D4D14A0E2E9B7BA0004EC334 /* icon-composer-project.icon */; };
			D4C0A0082E77AAAA00747100 /* ContextifyCore in Frameworks */ = {isa = PBXBuildFile; productRef = D4C0A0062E77AAAA00747100 /* ContextifyCore */; };
			D4C0A0092E77AAAA00747100 /* ContextifyCore in Frameworks */ = {isa = PBXBuildFile; productRef = D4C0A0072E77AAAA00747100 /* ContextifyCore */; };
				D4C0B0022E77AAAA00747100 /* main.swift in Sources */ = {isa = PBXBuildFile; fileRef = D4C0B0012E77AAAA00747100 /* main.swift */; };
				D4C0B0052E77AAAA00747100 /* ContextifyCore in Frameworks */ = {isa = PBXBuildFile; productRef = D4C0B0062E77AAAA00747100 /* ContextifyCore */; };
				D4C0B0102E77AAAA00747100 /* contextify-query in Embed Executables */ = {isa = PBXBuildFile; fileRef = D4C0B0072E77AAAA00747100 /* contextify-query */; };
				D4C0B0212E77AAAA00747100 /* skills in Copy Resources */ = {isa = PBXBuildFile; fileRef = D4C0B0202E77AAAA00747100 /* skills */; };
				D4C0B0222E77AAAA00747100 /* skills in Copy Resources */ = {isa = PBXBuildFile; fileRef = D4C0B0202E77AAAA00747100 /* skills */; };
				D4C0B0312E77AAAA00747100 /* claude-plugin in Copy Resources */ = {isa = PBXBuildFile; fileRef = D4C0B0302E77AAAA00747100 /* claude-plugin */; };
				D4C0B0322E77AAAA00747100 /* claude-plugin in Copy Resources */ = {isa = PBXBuildFile; fileRef = D4C0B0302E77AAAA00747100 /* claude-plugin */; };
				D4D14A0F2E9B7BA0004EC334 /* icon-composer-project.icon in Resources */ = {isa = PBXBuildFile; fileRef = D4D14A0E2E9B7BA0004EC334 /* icon-composer-project.icon */; };
				D4SPAR00010000000000003 /* Sparkle in Frameworks */ = {isa = PBXBuildFile; productRef = D4SPAR00010000000000002 /* Sparkle */; };
/* End PBXBuildFile section */

/* Begin PBXContainerItemProxy section */
			D4A773AB2E76936800747100 /* PBXContainerItemProxy */ = {
				isa = PBXContainerItemProxy;
				containerPortal = D4A773952E76936700747100 /* Project object */;
				proxyType = 1;
				remoteGlobalIDString = D4A7739C2E76936700747100;
				remoteInfo = Contextify;
			};
			D4A773B52E76936800747100 /* PBXContainerItemProxy */ = {
				isa = PBXContainerItemProxy;
				containerPortal = D4A773952E76936700747100 /* Project object */;
				proxyType = 1;
				remoteGlobalIDString = D4A7739C2E76936700747100;
				remoteInfo = Contextify;
			};
			D4C0B0132E77AAAA00747100 /* PBXContainerItemProxy */ = {
				isa = PBXContainerItemProxy;
				containerPortal = D4A773952E76936700747100 /* Project object */;
				proxyType = 1;
				remoteGlobalIDString = D4C0B00A2E77AAAA00747100;
				remoteInfo = "contextify-query";
			};
			D4C0B0152E77AAAA00747100 /* PBXContainerItemProxy */ = {
				isa = PBXContainerItemProxy;
				containerPortal = D4A773952E76936700747100 /* Project object */;
				proxyType = 1;
				remoteGlobalIDString = D4C0B00A2E77AAAA00747100;
				remoteInfo = "contextify-query";
			};
/* End PBXContainerItemProxy section */

	/* Begin PBXCopyFilesBuildPhase section */
				D4C0B0112E77AAAA00747100 /* Embed contextify-query */ = {
					isa = PBXCopyFilesBuildPhase;
					buildActionMask = 2147483647;
					dstPath = "";
					dstSubfolderSpec = 6;
					files = (
						D4C0B0102E77AAAA00747100 /* contextify-query in Embed Executables */,
					);
					name = "Embed contextify-query";
					runOnlyForDeploymentPostprocessing = 0;
				};
				D4C0B0122E77AAAA00747100 /* Embed contextify-query */ = {
					isa = PBXCopyFilesBuildPhase;
					buildActionMask = 2147483647;
					dstPath = "";
					dstSubfolderSpec = 6;
					files = (
						D4C0B0102E77AAAA00747100 /* contextify-query in Embed Executables */,
					);
					name = "Embed contextify-query";
					runOnlyForDeploymentPostprocessing = 0;
				};
				D4C0B0232E77AAAA00747100 /* Copy contextify-query resources */ = {
					isa = PBXCopyFilesBuildPhase;
					buildActionMask = 2147483647;
					dstPath = "contextify-query";
					dstSubfolderSpec = 7;
					files = (
						D4C0B0212E77AAAA00747100 /* skills in Copy Resources */,
						D4C0B0312E77AAAA00747100 /* claude-plugin in Copy Resources */,
					);
					name = "Copy contextify-query resources";
					runOnlyForDeploymentPostprocessing = 0;
				};
				D4C0B0242E77AAAA00747100 /* Copy contextify-query resources */ = {
					isa = PBXCopyFilesBuildPhase;
					buildActionMask = 2147483647;
					dstPath = "contextify-query";
					dstSubfolderSpec = 7;
					files = (
						D4C0B0222E77AAAA00747100 /* skills in Copy Resources */,
						D4C0B0322E77AAAA00747100 /* claude-plugin in Copy Resources */,
					);
					name = "Copy contextify-query resources";
					runOnlyForDeploymentPostprocessing = 0;
				};
	/* End PBXCopyFilesBuildPhase section */

/* Begin PBXFileReference section */
			43584A98AE6A48C8B600354BB4041D2D /* Contextify/LaunchAgentManager.swift */ = {isa = PBXFileReference; lastKnownFileType = sourcecode.swift; path = Contextify/LaunchAgentManager.swift; sourceTree = SOURCE_ROOT; };
			71D15D3226D94598B321C960A30DC387 /* Contextify/ITerm2DaemonClient.swift */ = {isa = PBXFileReference; lastKnownFileType = sourcecode.swift; path = Contextify/ITerm2DaemonClient.swift; sourceTree = SOURCE_ROOT; };
				D4C0B0012E77AAAA00747100 /* main.swift */ = {isa = PBXFileReference; lastKnownFileType = sourcecode.swift; path = ../Sources/ContextifyQueryCLI/main.swift; sourceTree = SOURCE_ROOT; };
				D4C0B0072E77AAAA00747100 /* contextify-query */ = {isa = PBXFileReference; explicitFileType = "compiled.mach-o.executable"; includeInIndex = 0; path = "contextify-query"; sourceTree = BUILT_PRODUCTS_DIR; };
					D4C0B0202E77AAAA00747100 /* skills */ = {isa = PBXFileReference; lastKnownFileType = folder; path = ../contextify-query/skills; sourceTree = SOURCE_ROOT; };
					D4C0B0302E77AAAA00747100 /* claude-plugin */ = {isa = PBXFileReference; lastKnownFileType = folder; path = ../contextify-query/claude-plugin; sourceTree = SOURCE_ROOT; };
					D4A7739D2E76936700747100 /* Contextify.app */ = {isa = PBXFileReference; explicitFileType = wrapper.application; includeInIndex = 0; path = Contextify.app; sourceTree = BUILT_PRODUCTS_DIR; };
			D4A773AA2E76936800747100 /* ContextifyTests.xctest */ = {isa = PBXFileReference; explicitFileType = wrapper.cfbundle; includeInIndex = 0; path = ContextifyTests.xctest; sourceTree = BUILT_PRODUCTS_DIR; };
			D4A773B42E76936800747100 /* ContextifyUITests.xctest */ = {isa = PBXFileReference; explicitFileType = wrapper.cfbundle; includeInIndex = 0; path = ContextifyUITests.xctest; sourceTree = BUILT_PRODUCTS_DIR; };
			D4APPSTORE00000000000003 /* Contextify AppStore.app */ = {isa = PBXFileReference; explicitFileType = wrapper.application; includeInIndex = 0; name = "Contextify AppStore.app"; path = Contextify.app; sourceTree = BUILT_PRODUCTS_DIR; };
			D4D14A0E2E9B7BA0004EC334 /* icon-composer-project.icon */ = {isa = PBXFileReference; lastKnownFileType = folder.iconcomposer.icon; path = "icon-composer-project.icon"; sourceTree = "<group>"; };
/* End PBXFileReference section */

/* Begin PBXFileSystemSynchronizedRootGroup section */
		D4A7739F2E76936700747100 /* Contextify */ = {
			isa = PBXFileSystemSynchronizedRootGroup;
			path = Contextify;
			sourceTree = "<group>";
		};
		D4A773AD2E76936800747100 /* ContextifyTests */ = {
			isa = PBXFileSystemSynchronizedRootGroup;
			path = ContextifyTests;
			sourceTree = "<group>";
		};
		D4A773B72E76936800747100 /* ContextifyUITests */ = {
			isa = PBXFileSystemSynchronizedRootGroup;
			path = ContextifyUITests;
			sourceTree = "<group>";
		};
/* End PBXFileSystemSynchronizedRootGroup section */

/* Begin PBXFrameworksBuildPhase section */
		D4A7739A2E76936700747100 /* Frameworks */ = {
			isa = PBXFrameworksBuildPhase;
			buildActionMask = 2147483647;
			files = (
				D4C0A0082E77AAAA00747100 /* ContextifyCore in Frameworks */,
				D4SPAR00010000000000003 /* Sparkle in Frameworks */,
			);
			runOnlyForDeploymentPostprocessing = 0;
		};
		D4A773A72E76936800747100 /* Frameworks */ = {
			isa = PBXFrameworksBuildPhase;
			buildActionMask = 2147483647;
			files = (
				D4C0A0092E77AAAA00747100 /* ContextifyCore in Frameworks */,
			);
			runOnlyForDeploymentPostprocessing = 0;
		};
		D4A773B12E76936800747100 /* Frameworks */ = {
			isa = PBXFrameworksBuildPhase;
			buildActionMask = 2147483647;
			files = (
			);
			runOnlyForDeploymentPostprocessing = 0;
		};
			D4APPSTORE00000000000004 /* Frameworks */ = {
				isa = PBXFrameworksBuildPhase;
				buildActionMask = 2147483647;
				files = (
					D4APPSTORE00000000000001 /* ContextifyCore in Frameworks */,
				);
				runOnlyForDeploymentPostprocessing = 0;
			};
			D4C0B0042E77AAAA00747100 /* Frameworks */ = {
				isa = PBXFrameworksBuildPhase;
				buildActionMask = 2147483647;
				files = (
					D4C0B0052E77AAAA00747100 /* ContextifyCore in Frameworks */,
				);
				runOnlyForDeploymentPostprocessing = 0;
			};
/* End PBXFrameworksBuildPhase section */

/* Begin PBXGroup section */
		D4A773942E76936700747100 = {
			isa = PBXGroup;
			children = (
				DA49BDDF3640459D92526CE7730A5719 /* App Infrastructure */,
				D4A7739F2E76936700747100 /* Contextify */,
				D4A773AD2E76936800747100 /* ContextifyTests */,
				D4A773B72E76936800747100 /* ContextifyUITests */,
				D4A7739E2E76936700747100 /* Products */,
				D4D14A0E2E9B7BA0004EC334 /* icon-composer-project.icon */,
			);
			sourceTree = "<group>";
		};
			D4A7739E2E76936700747100 /* Products */ = {
				isa = PBXGroup;
				children = (
					D4A7739D2E76936700747100 /* Contextify.app */,
					D4A773AA2E76936800747100 /* ContextifyTests.xctest */,
					D4A773B42E76936800747100 /* ContextifyUITests.xctest */,
					D4APPSTORE00000000000003 /* Contextify AppStore.app */,
					D4C0B0072E77AAAA00747100 /* contextify-query */,
				);
				name = Products;
				sourceTree = "<group>";
			};
		DA49BDDF3640459D92526CE7730A5719 /* App Infrastructure */ = {
			isa = PBXGroup;
			children = (
				43584A98AE6A48C8B600354BB4041D2D /* Contextify/LaunchAgentManager.swift */,
				71D15D3226D94598B321C960A30DC387 /* Contextify/ITerm2DaemonClient.swift */,
			);
			name = "App Infrastructure";
			sourceTree = "<group>";
		};
/* End PBXGroup section */

/* Begin PBXNativeTarget section */
			D4A7739C2E76936700747100 /* Contextify */ = {
				isa = PBXNativeTarget;
				buildConfigurationList = D4A773BE2E76936800747100 /* Build configuration list for PBXNativeTarget "Contextify" */;
				buildPhases = (
					D4A773992E76936700747100 /* Sources */,
					D4A7739A2E76936700747100 /* Frameworks */,
					D4A7739B2E76936700747100 /* Resources */,
					D4C0B0112E77AAAA00747100 /* Embed contextify-query */,
					D4C0B0232E77AAAA00747100 /* Copy contextify-query resources */,
				);
				buildRules = (
				);
				dependencies = (
					D4C0B0142E77AAAA00747100 /* PBXTargetDependency */,
				);
				fileSystemSynchronizedGroups = (
					D4A7739F2E76936700747100 /* Contextify */,
				);
				name = Contextify;
			packageProductDependencies = (
				D4C0A0062E77AAAA00747100 /* ContextifyCore */,
				D4SPAR00010000000000002 /* Sparkle */,
			);
			productName = Contextify;
			productReference = D4A7739D2E76936700747100 /* Contextify.app */;
			productType = "com.apple.product-type.application";
		};
		D4A773A92E76936800747100 /* ContextifyTests */ = {
			isa = PBXNativeTarget;
			buildConfigurationList = D4A773C12E76936800747100 /* Build configuration list for PBXNativeTarget "ContextifyTests" */;
			buildPhases = (
				D4A773A62E76936800747100 /* Sources */,
				D4A773A72E76936800747100 /* Frameworks */,
				D4A773A82E76936800747100 /* Resources */,
			);
			buildRules = (
			);
			dependencies = (
				D4A773AC2E76936800747100 /* PBXTargetDependency */,
			);
			fileSystemSynchronizedGroups = (
				D4A773AD2E76936800747100 /* ContextifyTests */,
			);
			name = ContextifyTests;
			packageProductDependencies = (
				D4C0A0072E77AAAA00747100 /* ContextifyCore */,
			);
			productName = ContextifyTests;
			productReference = D4A773AA2E76936800747100 /* ContextifyTests.xctest */;
			productType = "com.apple.product-type.bundle.unit-test";
		};
		D4A773B32E76936800747100 /* ContextifyUITests */ = {
			isa = PBXNativeTarget;
			buildConfigurationList = D4A773C42E76936800747100 /* Build configuration list for PBXNativeTarget "ContextifyUITests" */;
			buildPhases = (
				D4A773B02E76936800747100 /* Sources */,
				D4A773B12E76936800747100 /* Frameworks */,
				D4A773B22E76936800747100 /* Resources */,
			);
			buildRules = (
			);
			dependencies = (
				D4A773B62E76936800747100 /* PBXTargetDependency */,
			);
			fileSystemSynchronizedGroups = (
				D4A773B72E76936800747100 /* ContextifyUITests */,
			);
			name = ContextifyUITests;
			packageProductDependencies = (
			);
			productName = ContextifyUITests;
			productReference = D4A773B42E76936800747100 /* ContextifyUITests.xctest */;
			productType = "com.apple.product-type.bundle.ui-testing";
		};
			D4APPSTORE00000000000005 /* Contextify AppStore */ = {
				isa = PBXNativeTarget;
				buildConfigurationList = D4APPSTORE00000000000020 /* Build configuration list for PBXNativeTarget "Contextify AppStore" */;
				buildPhases = (
					D4APPSTORE00000000000006 /* Sources */,
					D4APPSTORE00000000000004 /* Frameworks */,
					D4APPSTORE00000000000007 /* Resources */,
					D4C0B0122E77AAAA00747100 /* Embed contextify-query */,
					D4C0B0242E77AAAA00747100 /* Copy contextify-query resources */,
				);
				buildRules = (
				);
				dependencies = (
					D4C0B0162E77AAAA00747100 /* PBXTargetDependency */,
				);
				fileSystemSynchronizedGroups = (
					D4A7739F2E76936700747100 /* Contextify */,
				);
				name = "Contextify AppStore";
			packageProductDependencies = (
				D4APPSTORE00000000000010 /* ContextifyCore */,
			);
			productName = Contextify;
			productReference = D4APPSTORE00000000000003 /* Contextify AppStore.app */;
			productType = "com.apple.product-type.application";
			};
			D4C0B00A2E77AAAA00747100 /* contextify-query */ = {
				isa = PBXNativeTarget;
				buildConfigurationList = D4C0B00B2E77AAAA00747100 /* Build configuration list for PBXNativeTarget "contextify-query" */;
				buildPhases = (
					D4C0B0032E77AAAA00747100 /* Sources */,
					D4C0B0042E77AAAA00747100 /* Frameworks */,
				);
				buildRules = (
				);
				dependencies = (
				);
				name = "contextify-query";
				packageProductDependencies = (
					D4C0B0062E77AAAA00747100 /* ContextifyCore */,
				);
				productName = "contextify-query";
				productReference = D4C0B0072E77AAAA00747100 /* contextify-query */;
				productType = "com.apple.product-type.tool";
			};
/* End PBXNativeTarget section */

/* Begin PBXProject section */
			D4A773952E76936700747100 /* Project object */ = {
			isa = PBXProject;
				attributes = {
				BuildIndependentTargetsInParallel = 1;
				LastSwiftUpdateCheck = 2600;
				LastUpgradeCheck = 2600;
					TargetAttributes = {
					D4A7739C2E76936700747100 = {
						CreatedOnToolsVersion = 26.0;
					};
					D4A773A92E76936800747100 = {
						CreatedOnToolsVersion = 26.0;
						TestTargetID = D4A7739C2E76936700747100;
					};
					D4A773B32E76936800747100 = {
						CreatedOnToolsVersion = 26.0;
						TestTargetID = D4A7739C2E76936700747100;
					};
						D4APPSTORE00000000000005 = {
							CreatedOnToolsVersion = 26.0;
						};
						D4C0B00A2E77AAAA00747100 = {
							CreatedOnToolsVersion = 26.0;
						};
					};
				};
			buildConfigurationList = D4A773982E76936700747100 /* Build configuration list for PBXProject "Contextify" */;
			developmentRegion = en;
			hasScannedForEncodings = 0;
			knownRegions = (
				en,
				Base,
			);
			mainGroup = D4A773942E76936700747100;
			minimizedProjectReferenceProxies = 1;
			packageReferences = (
				D4C0A0052E77AAAA00747100 /* XCLocalSwiftPackageReference ".." */,
				D4SPAR00010000000000001 /* XCRemoteSwiftPackageReference "Sparkle" */,
			);
			preferredProjectObjectVersion = 77;
			productRefGroup = D4A7739E2E76936700747100 /* Products */;
			projectDirPath = "";
			projectRoot = "";
				targets = (
					D4A7739C2E76936700747100 /* Contextify */,
					D4APPSTORE00000000000005 /* Contextify AppStore */,
					D4A773A92E76936800747100 /* ContextifyTests */,
					D4A773B32E76936800747100 /* ContextifyUITests */,
					D4C0B00A2E77AAAA00747100 /* contextify-query */,
				);
			};
/* End PBXProject section */

/* Begin PBXResourcesBuildPhase section */
		D4A7739B2E76936700747100 /* Resources */ = {
			isa = PBXResourcesBuildPhase;
			buildActionMask = 2147483647;
			files = (
				D4D14A0F2E9B7BA0004EC334 /* icon-composer-project.icon in Resources */,
			);
			runOnlyForDeploymentPostprocessing = 0;
		};
		D4A773A82E76936800747100 /* Resources */ = {
			isa = PBXResourcesBuildPhase;
			buildActionMask = 2147483647;
			files = (
			);
			runOnlyForDeploymentPostprocessing = 0;
		};
		D4A773B22E76936800747100 /* Resources */ = {
			isa = PBXResourcesBuildPhase;
			buildActionMask = 2147483647;
			files = (
			);
			runOnlyForDeploymentPostprocessing = 0;
		};
		D4APPSTORE00000000000007 /* Resources */ = {
			isa = PBXResourcesBuildPhase;
			buildActionMask = 2147483647;
			files = (
				D4APPSTORE00000000000002 /* icon-composer-project.icon in Resources */,
			);
			runOnlyForDeploymentPostprocessing = 0;
		};
/* End PBXResourcesBuildPhase section */

/* Begin PBXSourcesBuildPhase section */
		D4A773992E76936700747100 /* Sources */ = {
			isa = PBXSourcesBuildPhase;
			buildActionMask = 2147483647;
			files = (
			);
			runOnlyForDeploymentPostprocessing = 0;
		};
		D4A773A62E76936800747100 /* Sources */ = {
			isa = PBXSourcesBuildPhase;
			buildActionMask = 2147483647;
			files = (
			);
			runOnlyForDeploymentPostprocessing = 0;
		};
		D4A773B02E76936800747100 /* Sources */ = {
			isa = PBXSourcesBuildPhase;
			buildActionMask = 2147483647;
			files = (
			);
			runOnlyForDeploymentPostprocessing = 0;
		};
			D4APPSTORE00000000000006 /* Sources */ = {
			isa = PBXSourcesBuildPhase;
			buildActionMask = 2147483647;
			files = (
			);
			runOnlyForDeploymentPostprocessing = 0;
			};
			D4C0B0032E77AAAA00747100 /* Sources */ = {
				isa = PBXSourcesBuildPhase;
				buildActionMask = 2147483647;
				files = (
					D4C0B0022E77AAAA00747100 /* main.swift in Sources */,
				);
				runOnlyForDeploymentPostprocessing = 0;
			};
/* End PBXSourcesBuildPhase section */

/* Begin PBXTargetDependency section */
			D4A773AC2E76936800747100 /* PBXTargetDependency */ = {
				isa = PBXTargetDependency;
				target = D4A7739C2E76936700747100 /* Contextify */;
				targetProxy = D4A773AB2E76936800747100 /* PBXContainerItemProxy */;
			};
			D4A773B62E76936800747100 /* PBXTargetDependency */ = {
				isa = PBXTargetDependency;
				target = D4A7739C2E76936700747100 /* Contextify */;
				targetProxy = D4A773B52E76936800747100 /* PBXContainerItemProxy */;
			};
			D4C0B0142E77AAAA00747100 /* PBXTargetDependency */ = {
				isa = PBXTargetDependency;
				target = D4C0B00A2E77AAAA00747100 /* contextify-query */;
				targetProxy = D4C0B0132E77AAAA00747100 /* PBXContainerItemProxy */;
			};
			D4C0B0162E77AAAA00747100 /* PBXTargetDependency */ = {
				isa = PBXTargetDependency;
				target = D4C0B00A2E77AAAA00747100 /* contextify-query */;
				targetProxy = D4C0B0152E77AAAA00747100 /* PBXContainerItemProxy */;
			};
/* End PBXTargetDependency section */

/* Begin XCBuildConfiguration section */
		D4A773BC2E76936800747100 /* Debug */ = {
			isa = XCBuildConfiguration;
			buildSettings = {
				ALWAYS_SEARCH_USER_PATHS = NO;
				ASSETCATALOG_COMPILER_GENERATE_SWIFT_ASSET_SYMBOL_EXTENSIONS = YES;
				CLANG_ANALYZER_NONNULL = YES;
				CLANG_ANALYZER_NUMBER_OBJECT_CONVERSION = YES_AGGRESSIVE;
				CLANG_CXX_LANGUAGE_STANDARD = "gnu++20";
				CLANG_ENABLE_MODULES = YES;
				CLANG_ENABLE_OBJC_ARC = YES;
				CLANG_ENABLE_OBJC_WEAK = YES;
				CLANG_WARN_BLOCK_CAPTURE_AUTORELEASING = YES;
				CLANG_WARN_BOOL_CONVERSION = YES;
				CLANG_WARN_COMMA = YES;
				CLANG_WARN_CONSTANT_CONVERSION = YES;
				CLANG_WARN_DEPRECATED_OBJC_IMPLEMENTATIONS = YES;
				CLANG_WARN_DIRECT_OBJC_ISA_USAGE = YES_ERROR;
				CLANG_WARN_DOCUMENTATION_COMMENTS = YES;
				CLANG_WARN_EMPTY_BODY = YES;
				CLANG_WARN_ENUM_CONVERSION = YES;
				CLANG_WARN_INFINITE_RECURSION = YES;
				CLANG_WARN_INT_CONVERSION = YES;
				CLANG_WARN_NON_LITERAL_NULL_CONVERSION = YES;
				CLANG_WARN_OBJC_IMPLICIT_RETAIN_SELF = YES;
				CLANG_WARN_OBJC_LITERAL_CONVERSION = YES;
				CLANG_WARN_OBJC_ROOT_CLASS = YES_ERROR;
				CLANG_WARN_QUOTED_INCLUDE_IN_FRAMEWORK_HEADER = YES;
				CLANG_WARN_RANGE_LOOP_ANALYSIS = YES;
				CLANG_WARN_STRICT_PROTOTYPES = YES;
				CLANG_WARN_SUSPICIOUS_MOVE = YES;
				CLANG_WARN_UNGUARDED_AVAILABILITY = YES_AGGRESSIVE;
				CLANG_WARN_UNREACHABLE_CODE = YES;
				CLANG_WARN__DUPLICATE_METHOD_MATCH = YES;
				COPY_PHASE_STRIP = NO;
				DEBUG_INFORMATION_FORMAT = dwarf;
				DEVELOPMENT_TEAM = VQ7RPM8H77;
				ENABLE_STRICT_OBJC_MSGSEND = YES;
				ENABLE_TESTABILITY = YES;
				ENABLE_USER_SCRIPT_SANDBOXING = YES;
				GCC_C_LANGUAGE_STANDARD = gnu17;
				GCC_DYNAMIC_NO_PIC = NO;
				GCC_NO_COMMON_BLOCKS = YES;
				GCC_OPTIMIZATION_LEVEL = 0;
				GCC_PREPROCESSOR_DEFINITIONS = (
					"DEBUG=1",
					"$(inherited)",
				);
				GCC_WARN_64_TO_32_BIT_CONVERSION = YES;
				GCC_WARN_ABOUT_RETURN_TYPE = YES_ERROR;
				GCC_WARN_UNDECLARED_SELECTOR = YES;
				GCC_WARN_UNINITIALIZED_AUTOS = YES_AGGRESSIVE;
				GCC_WARN_UNUSED_FUNCTION = YES;
				GCC_WARN_UNUSED_VARIABLE = YES;
				LOCALIZATION_PREFERS_STRING_CATALOGS = YES;
				MACOSX_DEPLOYMENT_TARGET = 15.0;
				MTL_ENABLE_DEBUG_INFO = INCLUDE_SOURCE;
				MTL_FAST_MATH = YES;
				ONLY_ACTIVE_ARCH = YES;
				SDKROOT = macosx;
				SWIFT_ACTIVE_COMPILATION_CONDITIONS = "DEBUG $(inherited)";
				SWIFT_OPTIMIZATION_LEVEL = "-Onone";
			};
			name = Debug;
		};
		D4A773BD2E76936800747100 /* Release */ = {
			isa = XCBuildConfiguration;
			buildSettings = {
				ALWAYS_SEARCH_USER_PATHS = NO;
				ASSETCATALOG_COMPILER_GENERATE_SWIFT_ASSET_SYMBOL_EXTENSIONS = YES;
				CLANG_ANALYZER_NONNULL = YES;
				CLANG_ANALYZER_NUMBER_OBJECT_CONVERSION = YES_AGGRESSIVE;
				CLANG_CXX_LANGUAGE_STANDARD = "gnu++20";
				CLANG_ENABLE_MODULES = YES;
				CLANG_ENABLE_OBJC_ARC = YES;
				CLANG_ENABLE_OBJC_WEAK = YES;
				CLANG_WARN_BLOCK_CAPTURE_AUTORELEASING = YES;
				CLANG_WARN_BOOL_CONVERSION = YES;
				CLANG_WARN_COMMA = YES;
				CLANG_WARN_CONSTANT_CONVERSION = YES;
				CLANG_WARN_DEPRECATED_OBJC_IMPLEMENTATIONS = YES;
				CLANG_WARN_DIRECT_OBJC_ISA_USAGE = YES_ERROR;
				CLANG_WARN_DOCUMENTATION_COMMENTS = YES;
				CLANG_WARN_EMPTY_BODY = YES;
				CLANG_WARN_ENUM_CONVERSION = YES;
				CLANG_WARN_INFINITE_RECURSION = YES;
				CLANG_WARN_INT_CONVERSION = YES;
				CLANG_WARN_NON_LITERAL_NULL_CONVERSION = YES;
				CLANG_WARN_OBJC_IMPLICIT_RETAIN_SELF = YES;
				CLANG_WARN_OBJC_LITERAL_CONVERSION = YES;
				CLANG_WARN_OBJC_ROOT_CLASS = YES_ERROR;
				CLANG_WARN_QUOTED_INCLUDE_IN_FRAMEWORK_HEADER = YES;
				CLANG_WARN_RANGE_LOOP_ANALYSIS = YES;
				CLANG_WARN_STRICT_PROTOTYPES = YES;
				CLANG_WARN_SUSPICIOUS_MOVE = YES;
				CLANG_WARN_UNGUARDED_AVAILABILITY = YES_AGGRESSIVE;
				CLANG_WARN_UNREACHABLE_CODE = YES;
				CLANG_WARN__DUPLICATE_METHOD_MATCH = YES;
				COPY_PHASE_STRIP = NO;
				DEBUG_INFORMATION_FORMAT = "dwarf-with-dsym";
				DEVELOPMENT_TEAM = VQ7RPM8H77;
				ENABLE_NS_ASSERTIONS = NO;
				ENABLE_STRICT_OBJC_MSGSEND = YES;
				ENABLE_USER_SCRIPT_SANDBOXING = YES;
				GCC_C_LANGUAGE_STANDARD = gnu17;
				GCC_NO_COMMON_BLOCKS = YES;
				GCC_WARN_64_TO_32_BIT_CONVERSION = YES;
				GCC_WARN_ABOUT_RETURN_TYPE = YES_ERROR;
				GCC_WARN_UNDECLARED_SELECTOR = YES;
				GCC_WARN_UNINITIALIZED_AUTOS = YES_AGGRESSIVE;
				GCC_WARN_UNUSED_FUNCTION = YES;
				GCC_WARN_UNUSED_VARIABLE = YES;
				LOCALIZATION_PREFERS_STRING_CATALOGS = YES;
				MACOSX_DEPLOYMENT_TARGET = 15.0;
				MTL_ENABLE_DEBUG_INFO = NO;
				MTL_FAST_MATH = YES;
				SDKROOT = macosx;
				SWIFT_COMPILATION_MODE = wholemodule;
			};
			name = Release;
		};
		D4A773BF2E76936800747100 /* Debug */ = {
			isa = XCBuildConfiguration;
			buildSettings = {
				ASSETCATALOG_COMPILER_APPICON_NAME = "icon-composer-project";
				ASSETCATALOG_COMPILER_GLOBAL_ACCENT_COLOR_NAME = AccentColor;
				ASSETCATALOG_COMPILER_INCLUDE_ALL_APPICON_ASSETS = YES;
				CODE_SIGN_ENTITLEMENTS = Contextify.entitlements;
				CODE_SIGN_STYLE = Automatic;
				COMBINE_HIDPI_IMAGES = YES;
				CURRENT_PROJECT_VERSION = 14;
				DEFINES_MODULE = YES;
				DEVELOPMENT_TEAM = VQ7RPM8H77;
				ENABLE_APP_SANDBOX = NO;
				ENABLE_HARDENED_RUNTIME = YES;
				ENABLE_PREVIEWS = YES;
				ENABLE_USER_SELECTED_FILES = readwrite;
				GENERATE_INFOPLIST_FILE = NO;
				INFOPLIST_FILE = "Info-Debug.plist";
				INFOPLIST_KEY_NSHumanReadableCopyright = "";
				LD_RUNPATH_SEARCH_PATHS = (
					"$(inherited)",
					"@executable_path/../Frameworks",
				);
				MARKETING_VERSION = 1.0.2;
				PRODUCT_BUNDLE_IDENTIFIER = sh.contextify.Contextify;
				PRODUCT_NAME = "$(TARGET_NAME)";
				REGISTER_APP_GROUPS = YES;
				STRING_CATALOG_GENERATE_SYMBOLS = YES;
				SUPPORTED_PLATFORMS = macosx;
				SWIFT_ACTIVE_COMPILATION_CONDITIONS = "DEBUG SPARKLE $(inherited)";
				SWIFT_APPROACHABLE_CONCURRENCY = YES;
				SWIFT_DEFAULT_ACTOR_ISOLATION = MainActor;
				SWIFT_EMIT_LOC_STRINGS = YES;
				SWIFT_UPCOMING_FEATURE_MEMBER_IMPORT_VISIBILITY = YES;
				SWIFT_VERSION = 6.0;
			};
			name = Debug;
		};
		D4A773C02E76936800747100 /* Release */ = {
			isa = XCBuildConfiguration;
			buildSettings = {
				ASSETCATALOG_COMPILER_APPICON_NAME = "icon-composer-project";
				ASSETCATALOG_COMPILER_GLOBAL_ACCENT_COLOR_NAME = AccentColor;
				ASSETCATALOG_COMPILER_INCLUDE_ALL_APPICON_ASSETS = YES;
				CODE_SIGN_ENTITLEMENTS = Contextify.entitlements;
				CODE_SIGN_STYLE = Automatic;
				COMBINE_HIDPI_IMAGES = YES;
				CURRENT_PROJECT_VERSION = 14;
				DEFINES_MODULE = YES;
				DEVELOPMENT_TEAM = VQ7RPM8H77;
				ENABLE_APP_SANDBOX = NO;
				ENABLE_HARDENED_RUNTIME = YES;
				ENABLE_PREVIEWS = YES;
				ENABLE_USER_SELECTED_FILES = readwrite;
				GENERATE_INFOPLIST_FILE = NO;
				INFOPLIST_FILE = Info.plist;
				INFOPLIST_KEY_NSHumanReadableCopyright = "";
				LD_RUNPATH_SEARCH_PATHS = (
					"$(inherited)",
					"@executable_path/../Frameworks",
				);
				MARKETING_VERSION = 1.0.2;
				PRODUCT_BUNDLE_IDENTIFIER = sh.contextify.Contextify;
				PRODUCT_NAME = "$(TARGET_NAME)";
				REGISTER_APP_GROUPS = YES;
				STRING_CATALOG_GENERATE_SYMBOLS = YES;
				SUPPORTED_PLATFORMS = macosx;
				SWIFT_ACTIVE_COMPILATION_CONDITIONS = "SPARKLE $(inherited)";
				SWIFT_APPROACHABLE_CONCURRENCY = YES;
				SWIFT_DEFAULT_ACTOR_ISOLATION = MainActor;
				SWIFT_EMIT_LOC_STRINGS = YES;
				SWIFT_UPCOMING_FEATURE_MEMBER_IMPORT_VISIBILITY = YES;
				SWIFT_VERSION = 6.0;
			};
			name = Release;
		};
		D4A773C22E76936800747100 /* Debug */ = {
			isa = XCBuildConfiguration;
			buildSettings = {
				CODE_SIGN_STYLE = Automatic;
				CURRENT_PROJECT_VERSION = 14;
				DEVELOPMENT_TEAM = VQ7RPM8H77;
				GENERATE_INFOPLIST_FILE = YES;
				INFOPLIST_FILE = Info.plist;
				MACOSX_DEPLOYMENT_TARGET = 15.0;
				MARKETING_VERSION = 1.0.2;
				PRODUCT_BUNDLE_IDENTIFIER = sh.contextify.ContextifyTests;
				PRODUCT_NAME = "$(TARGET_NAME)";
				STRING_CATALOG_GENERATE_SYMBOLS = NO;
				SUPPORTED_PLATFORMS = macosx;
				SWIFT_APPROACHABLE_CONCURRENCY = YES;
				SWIFT_EMIT_LOC_STRINGS = NO;
				SWIFT_UPCOMING_FEATURE_MEMBER_IMPORT_VISIBILITY = YES;
				SWIFT_VERSION = 6.0;
			};
			name = Debug;
		};
		D4A773C32E76936800747100 /* Release */ = {
			isa = XCBuildConfiguration;
			buildSettings = {
				CODE_SIGN_STYLE = Automatic;
				CURRENT_PROJECT_VERSION = 14;
				DEVELOPMENT_TEAM = VQ7RPM8H77;
				GENERATE_INFOPLIST_FILE = YES;
				MACOSX_DEPLOYMENT_TARGET = 15.0;
				MARKETING_VERSION = 1.0.2;
				PRODUCT_BUNDLE_IDENTIFIER = sh.contextify.ContextifyTests;
				PRODUCT_NAME = "$(TARGET_NAME)";
				STRING_CATALOG_GENERATE_SYMBOLS = NO;
				SUPPORTED_PLATFORMS = macosx;
				SWIFT_APPROACHABLE_CONCURRENCY = YES;
				SWIFT_EMIT_LOC_STRINGS = NO;
				SWIFT_UPCOMING_FEATURE_MEMBER_IMPORT_VISIBILITY = YES;
				SWIFT_VERSION = 6.0;
			};
			name = Release;
		};
		D4A773C52E76936800747100 /* Debug */ = {
			isa = XCBuildConfiguration;
			buildSettings = {
				CODE_SIGN_STYLE = Automatic;
				CURRENT_PROJECT_VERSION = 14;
				DEVELOPMENT_TEAM = VQ7RPM8H77;
				GENERATE_INFOPLIST_FILE = YES;
				MARKETING_VERSION = 1.0.2;
				PRODUCT_BUNDLE_IDENTIFIER = sh.contextify.ContextifyUITests;
				PRODUCT_NAME = "$(TARGET_NAME)";
				STRING_CATALOG_GENERATE_SYMBOLS = NO;
				SUPPORTED_PLATFORMS = macosx;
				SWIFT_APPROACHABLE_CONCURRENCY = YES;
				SWIFT_EMIT_LOC_STRINGS = NO;
				SWIFT_UPCOMING_FEATURE_MEMBER_IMPORT_VISIBILITY = YES;
				SWIFT_VERSION = 6.0;
				TEST_TARGET_NAME = Contextify;
			};
			name = Debug;
		};
		D4A773C62E76936800747100 /* Release */ = {
			isa = XCBuildConfiguration;
			buildSettings = {
				CODE_SIGN_STYLE = Automatic;
				CURRENT_PROJECT_VERSION = 14;
				DEVELOPMENT_TEAM = VQ7RPM8H77;
				GENERATE_INFOPLIST_FILE = YES;
				MARKETING_VERSION = 1.0.2;
				PRODUCT_BUNDLE_IDENTIFIER = sh.contextify.ContextifyUITests;
				PRODUCT_NAME = "$(TARGET_NAME)";
				STRING_CATALOG_GENERATE_SYMBOLS = NO;
				SUPPORTED_PLATFORMS = macosx;
				SWIFT_APPROACHABLE_CONCURRENCY = YES;
				SWIFT_EMIT_LOC_STRINGS = NO;
				SWIFT_UPCOMING_FEATURE_MEMBER_IMPORT_VISIBILITY = YES;
				SWIFT_VERSION = 6.0;
				TEST_TARGET_NAME = Contextify;
			};
			name = Release;
		};
		D4APPSTORE00000000000021 /* Debug */ = {
			isa = XCBuildConfiguration;
			buildSettings = {
				ASSETCATALOG_COMPILER_APPICON_NAME = "icon-composer-project";
				ASSETCATALOG_COMPILER_GLOBAL_ACCENT_COLOR_NAME = AccentColor;
				ASSETCATALOG_COMPILER_INCLUDE_ALL_APPICON_ASSETS = YES;
				CODE_SIGN_ENTITLEMENTS = "Contextify-AppStore.entitlements";
				CODE_SIGN_STYLE = Automatic;
				COMBINE_HIDPI_IMAGES = YES;
				CURRENT_PROJECT_VERSION = 14;
				DEFINES_MODULE = YES;
				DEVELOPMENT_TEAM = VQ7RPM8H77;
				ENABLE_APP_SANDBOX = YES;
				ENABLE_HARDENED_RUNTIME = YES;
				ENABLE_PREVIEWS = YES;
				ENABLE_USER_SELECTED_FILES = readwrite;
				GENERATE_INFOPLIST_FILE = NO;
				INFOPLIST_FILE = "Info-Debug.plist";
				INFOPLIST_KEY_NSHumanReadableCopyright = "";
				LD_RUNPATH_SEARCH_PATHS = (
					"$(inherited)",
					"@executable_path/../Frameworks",
				);
				MARKETING_VERSION = 1.0.2;
				PRODUCT_BUNDLE_IDENTIFIER = sh.contextify.Contextify;
				PRODUCT_NAME = Contextify;
				REGISTER_APP_GROUPS = YES;
				STRING_CATALOG_GENERATE_SYMBOLS = YES;
				SUPPORTED_PLATFORMS = macosx;
				SWIFT_ACTIVE_COMPILATION_CONDITIONS = "DEBUG APPSTORE_BUILD $(inherited)";
				SWIFT_APPROACHABLE_CONCURRENCY = YES;
				SWIFT_DEFAULT_ACTOR_ISOLATION = MainActor;
				SWIFT_EMIT_LOC_STRINGS = YES;
				SWIFT_UPCOMING_FEATURE_MEMBER_IMPORT_VISIBILITY = YES;
				SWIFT_VERSION = 6.0;
			};
			name = Debug;
		};
			D4APPSTORE00000000000022 /* Release */ = {
			isa = XCBuildConfiguration;
			buildSettings = {
				ASSETCATALOG_COMPILER_APPICON_NAME = "icon-composer-project";
				ASSETCATALOG_COMPILER_GLOBAL_ACCENT_COLOR_NAME = AccentColor;
				ASSETCATALOG_COMPILER_INCLUDE_ALL_APPICON_ASSETS = YES;
				CODE_SIGN_ENTITLEMENTS = "Contextify-AppStore.entitlements";
				CODE_SIGN_STYLE = Automatic;
				COMBINE_HIDPI_IMAGES = YES;
				CURRENT_PROJECT_VERSION = 14;
				DEFINES_MODULE = YES;
				DEVELOPMENT_TEAM = VQ7RPM8H77;
				ENABLE_APP_SANDBOX = YES;
				ENABLE_HARDENED_RUNTIME = YES;
				ENABLE_PREVIEWS = YES;
				ENABLE_USER_SELECTED_FILES = readwrite;
				GENERATE_INFOPLIST_FILE = NO;
				INFOPLIST_FILE = Info.plist;
				INFOPLIST_KEY_NSHumanReadableCopyright = "";
				LD_RUNPATH_SEARCH_PATHS = (
					"$(inherited)",
					"@executable_path/../Frameworks",
				);
				MARKETING_VERSION = 1.0.2;
				PRODUCT_BUNDLE_IDENTIFIER = sh.contextify.Contextify;
				PRODUCT_NAME = Contextify;
				REGISTER_APP_GROUPS = YES;
				STRING_CATALOG_GENERATE_SYMBOLS = YES;
				SUPPORTED_PLATFORMS = macosx;
				SWIFT_ACTIVE_COMPILATION_CONDITIONS = "APPSTORE_BUILD $(inherited)";
				SWIFT_APPROACHABLE_CONCURRENCY = YES;
				SWIFT_DEFAULT_ACTOR_ISOLATION = MainActor;
				SWIFT_EMIT_LOC_STRINGS = YES;
				SWIFT_UPCOMING_FEATURE_MEMBER_IMPORT_VISIBILITY = YES;
				SWIFT_VERSION = 6.0;
			};
			name = Release;
			};
			D4C0B00C2E77AAAA00747100 /* Debug */ = {
				isa = XCBuildConfiguration;
				buildSettings = {
					CODE_SIGN_STYLE = Automatic;
					DEVELOPMENT_TEAM = VQ7RPM8H77;
					OTHER_SWIFT_FLAGS = "-parse-as-library";
					PRODUCT_NAME = "contextify-query";
					SUPPORTED_PLATFORMS = macosx;
					SWIFT_VERSION = 6.0;
				};
				name = Debug;
			};
			D4C0B00D2E77AAAA00747100 /* Release */ = {
				isa = XCBuildConfiguration;
				buildSettings = {
					CODE_SIGN_STYLE = Automatic;
					DEVELOPMENT_TEAM = VQ7RPM8H77;
					OTHER_SWIFT_FLAGS = "-parse-as-library";
					PRODUCT_NAME = "contextify-query";
					SUPPORTED_PLATFORMS = macosx;
					SWIFT_VERSION = 6.0;
				};
				name = Release;
			};
/* End XCBuildConfiguration section */

/* Begin XCConfigurationList section */
		D4A773982E76936700747100 /* Build configuration list for PBXProject "Contextify" */ = {
			isa = XCConfigurationList;
			buildConfigurations = (
				D4A773BC2E76936800747100 /* Debug */,
				D4A773BD2E76936800747100 /* Release */,
			);
			defaultConfigurationIsVisible = 0;
			defaultConfigurationName = Release;
		};
		D4A773BE2E76936800747100 /* Build configuration list for PBXNativeTarget "Contextify" */ = {
			isa = XCConfigurationList;
			buildConfigurations = (
				D4A773BF2E76936800747100 /* Debug */,
				D4A773C02E76936800747100 /* Release */,
			);
			defaultConfigurationIsVisible = 0;
			defaultConfigurationName = Release;
		};
		D4A773C12E76936800747100 /* Build configuration list for PBXNativeTarget "ContextifyTests" */ = {
			isa = XCConfigurationList;
			buildConfigurations = (
				D4A773C22E76936800747100 /* Debug */,
				D4A773C32E76936800747100 /* Release */,
			);
			defaultConfigurationIsVisible = 0;
			defaultConfigurationName = Release;
		};
		D4A773C42E76936800747100 /* Build configuration list for PBXNativeTarget "ContextifyUITests" */ = {
			isa = XCConfigurationList;
			buildConfigurations = (
				D4A773C52E76936800747100 /* Debug */,
				D4A773C62E76936800747100 /* Release */,
			);
			defaultConfigurationIsVisible = 0;
			defaultConfigurationName = Release;
		};
			D4APPSTORE00000000000020 /* Build configuration list for PBXNativeTarget "Contextify AppStore" */ = {
			isa = XCConfigurationList;
			buildConfigurations = (
				D4APPSTORE00000000000021 /* Debug */,
				D4APPSTORE00000000000022 /* Release */,
			);
			defaultConfigurationIsVisible = 0;
			defaultConfigurationName = Release;
			};
			D4C0B00B2E77AAAA00747100 /* Build configuration list for PBXNativeTarget "contextify-query" */ = {
				isa = XCConfigurationList;
				buildConfigurations = (
					D4C0B00C2E77AAAA00747100 /* Debug */,
					D4C0B00D2E77AAAA00747100 /* Release */,
				);
				defaultConfigurationIsVisible = 0;
				defaultConfigurationName = Release;
			};
/* End XCConfigurationList section */

/* Begin XCLocalSwiftPackageReference section */
		D4C0A0052E77AAAA00747100 /* XCLocalSwiftPackageReference ".." */ = {
			isa = XCLocalSwiftPackageReference;
			relativePath = ..;
		};
/* End XCLocalSwiftPackageReference section */

/* Begin XCRemoteSwiftPackageReference section */
		D4SPAR00010000000000001 /* XCRemoteSwiftPackageReference "Sparkle" */ = {
			isa = XCRemoteSwiftPackageReference;
			repositoryURL = "https://github.com/sparkle-project/Sparkle";
			requirement = {
				kind = upToNextMajorVersion;
				minimumVersion = 2.8.0;
			};
		};
/* End XCRemoteSwiftPackageReference section */

/* Begin XCSwiftPackageProductDependency section */
		D4APPSTORE00000000000010 /* ContextifyCore */ = {
			isa = XCSwiftPackageProductDependency;
			package = D4C0A0052E77AAAA00747100 /* XCLocalSwiftPackageReference ".." */;
			productName = ContextifyCore;
		};
		D4C0A0062E77AAAA00747100 /* ContextifyCore */ = {
			isa = XCSwiftPackageProductDependency;
			package = D4C0A0052E77AAAA00747100 /* XCLocalSwiftPackageReference ".." */;
			productName = ContextifyCore;
		};
		D4C0A0072E77AAAA00747100 /* ContextifyCore */ = {
			isa = XCSwiftPackageProductDependency;
			package = D4C0A0052E77AAAA00747100 /* XCLocalSwiftPackageReference ".." */;
			productName = ContextifyCore;
		};
			D4SPAR00010000000000002 /* Sparkle */ = {
				isa = XCSwiftPackageProductDependency;
				package = D4SPAR00010000000000001 /* XCRemoteSwiftPackageReference "Sparkle" */;
				productName = Sparkle;
			};
			D4C0B0062E77AAAA00747100 /* ContextifyCore */ = {
				isa = XCSwiftPackageProductDependency;
				package = D4C0A0052E77AAAA00747100 /* XCLocalSwiftPackageReference ".." */;
				productName = ContextifyCore;
			};
/* End XCSwiftPackageProductDependency section */
	};
	rootObject = D4A773952E76936700747100 /* Project object */;
}
